// !$*UTF8*$!
{
	archiveVersion = 1;
	classes = {
	};
	objectVersion = 55;
	objects = {

/* Begin PBXBuildFile section */
		3A14587128E1D00400AD1EF5 /* PortfolioViewTests.swift in Sources */ = {isa = PBXBuildFile; fileRef = 3A14587028E1D00400AD1EF5 /* PortfolioViewTests.swift */; };
		3A14587628E1D25C00AD1EF5 /* PortfolioView.swift in Sources */ = {isa = PBXBuildFile; fileRef = 3A14587528E1D25C00AD1EF5 /* PortfolioView.swift */; };
		3A7648E628E1E96C00B810B7 /* PortfolioTestHelpers.swift in Sources */ = {isa = PBXBuildFile; fileRef = 3A7648E528E1E96C00B810B7 /* PortfolioTestHelpers.swift */; };
		3A7648E828E2A65500B810B7 /* PortfolioFlowTests.swift in Sources */ = {isa = PBXBuildFile; fileRef = 3A7648E728E2A65500B810B7 /* PortfolioFlowTests.swift */; };
		3A7648EA28E2A77C00B810B7 /* PortfolioFlow.swift in Sources */ = {isa = PBXBuildFile; fileRef = 3A7648E928E2A77C00B810B7 /* PortfolioFlow.swift */; };
		3A7648EC28E2ACE200B810B7 /* PortfolioAcceptanceTests.swift in Sources */ = {isa = PBXBuildFile; fileRef = 3A7648EB28E2ACE200B810B7 /* PortfolioAcceptanceTests.swift */; };
		3A76493428E6A81900B810B7 /* CurrentPricesFlowTests.swift in Sources */ = {isa = PBXBuildFile; fileRef = 3A76493328E6A81900B810B7 /* CurrentPricesFlowTests.swift */; };
		3A76493728E6C04300B810B7 /* CurrentPricesFlow.swift in Sources */ = {isa = PBXBuildFile; fileRef = 3A76493628E6C04300B810B7 /* CurrentPricesFlow.swift */; };
		3A76493928E6DC6400B810B7 /* CurrentPricesAcceptranceTests.swift in Sources */ = {isa = PBXBuildFile; fileRef = 3A76493828E6DC6400B810B7 /* CurrentPricesAcceptranceTests.swift */; };
		3A76493C28E6F63300B810B7 /* CurrentPriceLoaderSpy.swift in Sources */ = {isa = PBXBuildFile; fileRef = 3A76493B28E6F63300B810B7 /* CurrentPriceLoaderSpy.swift */; };
		3AA9C1A828D9E94200C1E37B /* ViewInspector in Frameworks */ = {isa = PBXBuildFile; productRef = 3AA9C1A728D9E94200C1E37B /* ViewInspector */; };
		3AA9C1AA28DAE4FC00C1E37B /* TransactionViewTests.swift in Sources */ = {isa = PBXBuildFile; fileRef = 3AA9C1A928DAE4FC00C1E37B /* TransactionViewTests.swift */; };
		3AA9C1AD28DAE56B00C1E37B /* XCTestCase+MemoryLeakTracking.swift in Sources */ = {isa = PBXBuildFile; fileRef = 3AA9C1AC28DAE56B00C1E37B /* XCTestCase+MemoryLeakTracking.swift */; };
		3AA9C1AF28DB1DC100C1E37B /* TransactionsAcceptanceTests.swift in Sources */ = {isa = PBXBuildFile; fileRef = 3AA9C1AE28DB1DC100C1E37B /* TransactionsAcceptanceTests.swift */; };
		3AA9C1B128DB40E200C1E37B /* InMemoryStore.swift in Sources */ = {isa = PBXBuildFile; fileRef = 3AA9C1B028DB40E200C1E37B /* InMemoryStore.swift */; };
		3AA9C1B328DB4B1A00C1E37B /* ContentView.swift in Sources */ = {isa = PBXBuildFile; fileRef = 3AA9C1B228DB4B1A00C1E37B /* ContentView.swift */; };
		3AA9C1B528DB4BEB00C1E37B /* TransactionsStoreFactory.swift in Sources */ = {isa = PBXBuildFile; fileRef = 3AA9C1B428DB4BEB00C1E37B /* TransactionsStoreFactory.swift */; };
		3AA9C1B928DB533F00C1E37B /* TransactionsView+ViewInspector.swift in Sources */ = {isa = PBXBuildFile; fileRef = 3AA9C1B828DB533F00C1E37B /* TransactionsView+ViewInspector.swift */; };
		3AA9C1BB28E1830700C1E37B /* SharedTestHelpers.swift in Sources */ = {isa = PBXBuildFile; fileRef = 3AA9C1BA28E1830700C1E37B /* SharedTestHelpers.swift */; };
		3AAAA81F28D2DDC900E0DF6B /* InvestmentsAppApp.swift in Sources */ = {isa = PBXBuildFile; fileRef = 3AAAA81E28D2DDC900E0DF6B /* InvestmentsAppApp.swift */; };
		3AAAA82128D2DDC900E0DF6B /* TransactionsView.swift in Sources */ = {isa = PBXBuildFile; fileRef = 3AAAA82028D2DDC900E0DF6B /* TransactionsView.swift */; };
		3AAAA82328D2DDCB00E0DF6B /* Assets.xcassets in Resources */ = {isa = PBXBuildFile; fileRef = 3AAAA82228D2DDCB00E0DF6B /* Assets.xcassets */; };
		3AAAA82628D2DDCB00E0DF6B /* Preview Assets.xcassets in Resources */ = {isa = PBXBuildFile; fileRef = 3AAAA82528D2DDCB00E0DF6B /* Preview Assets.xcassets */; };
		3AAAA83228D2DEA500E0DF6B /* InvestmentsFrameworks.framework in Frameworks */ = {isa = PBXBuildFile; fileRef = 3AAAA83128D2DEA500E0DF6B /* InvestmentsFrameworks.framework */; };
		3AAAA83328D2DEA500E0DF6B /* InvestmentsFrameworks.framework in Embed Frameworks */ = {isa = PBXBuildFile; fileRef = 3AAAA83128D2DEA500E0DF6B /* InvestmentsFrameworks.framework */; settings = {ATTRIBUTES = (CodeSignOnCopy, RemoveHeadersOnCopy, ); }; };
		3AAAA83628D303B400E0DF6B /* TransactionView.swift in Sources */ = {isa = PBXBuildFile; fileRef = 3AAAA83528D303B300E0DF6B /* TransactionView.swift */; };
		3AAAA83828D309B500E0DF6B /* Date+Helpers.swift in Sources */ = {isa = PBXBuildFile; fileRef = 3AAAA83728D309B500E0DF6B /* Date+Helpers.swift */; };
		3AAAA83A28D30AE100E0DF6B /* Double+Helpers.swift in Sources */ = {isa = PBXBuildFile; fileRef = 3AAAA83928D30AE100E0DF6B /* Double+Helpers.swift */; };
		3AAAA84128D3148A00E0DF6B /* Transaction+PreviewData.swift in Sources */ = {isa = PBXBuildFile; fileRef = 3AAAA84028D3148A00E0DF6B /* Transaction+PreviewData.swift */; };
		3AAAA86D28D7562000E0DF6B /* ActivatableNavigationLink.swift in Sources */ = {isa = PBXBuildFile; fileRef = 3AAAA86C28D7561F00E0DF6B /* ActivatableNavigationLink.swift */; };
		3AAAA86F28D98D9C00E0DF6B /* TransactionsViewModel+Preview.swift in Sources */ = {isa = PBXBuildFile; fileRef = 3AAAA86E28D98D9B00E0DF6B /* TransactionsViewModel+Preview.swift */; };
		3AAAA87E28D9B72600E0DF6B /* AlertViewModelTests.swift in Sources */ = {isa = PBXBuildFile; fileRef = 3AAAA87D28D9B72600E0DF6B /* AlertViewModelTests.swift */; };
		3AAAA88028D9B7B400E0DF6B /* AlertViewModel.swift in Sources */ = {isa = PBXBuildFile; fileRef = 3AAAA87F28D9B7B400E0DF6B /* AlertViewModel.swift */; };
		3AAAA88228D9B93000E0DF6B /* MainFlowTests.swift in Sources */ = {isa = PBXBuildFile; fileRef = 3AAAA88128D9B93000E0DF6B /* MainFlowTests.swift */; };
		3AAAA88428D9B95000E0DF6B /* MainFlow.swift in Sources */ = {isa = PBXBuildFile; fileRef = 3AAAA88328D9B95000E0DF6B /* MainFlow.swift */; };
		3AAAA88C28D9C10B00E0DF6B /* NullStore.swift in Sources */ = {isa = PBXBuildFile; fileRef = 3AAAA88B28D9C10B00E0DF6B /* NullStore.swift */; };
		3AAAA88E28D9C21E00E0DF6B /* TransactionsViewModelFactory.swift in Sources */ = {isa = PBXBuildFile; fileRef = 3AAAA88D28D9C21E00E0DF6B /* TransactionsViewModelFactory.swift */; };
		3AAAA89328D9E4B800E0DF6B /* TransactionsViewTests.swift in Sources */ = {isa = PBXBuildFile; fileRef = 3AAAA89228D9E4B800E0DF6B /* TransactionsViewTests.swift */; };
/* End PBXBuildFile section */

/* Begin PBXContainerItemProxy section */
		3AAAA87828D9B6C100E0DF6B /* PBXContainerItemProxy */ = {
			isa = PBXContainerItemProxy;
			containerPortal = 3AAAA81328D2DDC900E0DF6B /* Project object */;
			proxyType = 1;
			remoteGlobalIDString = 3AAAA81A28D2DDC900E0DF6B;
			remoteInfo = InvestmentsApp;
		};
/* End PBXContainerItemProxy section */

/* Begin PBXCopyFilesBuildPhase section */
		3AAAA83428D2DEA600E0DF6B /* Embed Frameworks */ = {
			isa = PBXCopyFilesBuildPhase;
			buildActionMask = 2147483647;
			dstPath = "";
			dstSubfolderSpec = 10;
			files = (
				3AAAA83328D2DEA500E0DF6B /* InvestmentsFrameworks.framework in Embed Frameworks */,
			);
			name = "Embed Frameworks";
			runOnlyForDeploymentPostprocessing = 0;
		};
/* End PBXCopyFilesBuildPhase section */

/* Begin PBXFileReference section */
		3A14587028E1D00400AD1EF5 /* PortfolioViewTests.swift */ = {isa = PBXFileReference; lastKnownFileType = sourcecode.swift; path = PortfolioViewTests.swift; sourceTree = "<group>"; };
		3A14587528E1D25C00AD1EF5 /* PortfolioView.swift */ = {isa = PBXFileReference; lastKnownFileType = sourcecode.swift; path = PortfolioView.swift; sourceTree = "<group>"; };
		3A7648E528E1E96C00B810B7 /* PortfolioTestHelpers.swift */ = {isa = PBXFileReference; lastKnownFileType = sourcecode.swift; path = PortfolioTestHelpers.swift; sourceTree = "<group>"; };
		3A7648E728E2A65500B810B7 /* PortfolioFlowTests.swift */ = {isa = PBXFileReference; lastKnownFileType = sourcecode.swift; path = PortfolioFlowTests.swift; sourceTree = "<group>"; };
		3A7648E928E2A77C00B810B7 /* PortfolioFlow.swift */ = {isa = PBXFileReference; lastKnownFileType = sourcecode.swift; path = PortfolioFlow.swift; sourceTree = "<group>"; };
		3A7648EB28E2ACE200B810B7 /* PortfolioAcceptanceTests.swift */ = {isa = PBXFileReference; lastKnownFileType = sourcecode.swift; path = PortfolioAcceptanceTests.swift; sourceTree = "<group>"; };
		3A76493328E6A81900B810B7 /* CurrentPricesFlowTests.swift */ = {isa = PBXFileReference; lastKnownFileType = sourcecode.swift; path = CurrentPricesFlowTests.swift; sourceTree = "<group>"; };
		3A76493628E6C04300B810B7 /* CurrentPricesFlow.swift */ = {isa = PBXFileReference; lastKnownFileType = sourcecode.swift; path = CurrentPricesFlow.swift; sourceTree = "<group>"; };
		3A76493828E6DC6400B810B7 /* CurrentPricesAcceptranceTests.swift */ = {isa = PBXFileReference; lastKnownFileType = sourcecode.swift; path = CurrentPricesAcceptranceTests.swift; sourceTree = "<group>"; };
		3A76493B28E6F63300B810B7 /* CurrentPriceLoaderSpy.swift */ = {isa = PBXFileReference; lastKnownFileType = sourcecode.swift; path = CurrentPriceLoaderSpy.swift; sourceTree = "<group>"; };
		3AA9C1A928DAE4FC00C1E37B /* TransactionViewTests.swift */ = {isa = PBXFileReference; lastKnownFileType = sourcecode.swift; path = TransactionViewTests.swift; sourceTree = "<group>"; };
		3AA9C1AC28DAE56B00C1E37B /* XCTestCase+MemoryLeakTracking.swift */ = {isa = PBXFileReference; lastKnownFileType = sourcecode.swift; path = "XCTestCase+MemoryLeakTracking.swift"; sourceTree = "<group>"; };
		3AA9C1AE28DB1DC100C1E37B /* TransactionsAcceptanceTests.swift */ = {isa = PBXFileReference; lastKnownFileType = sourcecode.swift; path = TransactionsAcceptanceTests.swift; sourceTree = "<group>"; };
		3AA9C1B028DB40E200C1E37B /* InMemoryStore.swift */ = {isa = PBXFileReference; lastKnownFileType = sourcecode.swift; path = InMemoryStore.swift; sourceTree = "<group>"; };
		3AA9C1B228DB4B1A00C1E37B /* ContentView.swift */ = {isa = PBXFileReference; lastKnownFileType = sourcecode.swift; path = ContentView.swift; sourceTree = "<group>"; };
		3AA9C1B428DB4BEB00C1E37B /* TransactionsStoreFactory.swift */ = {isa = PBXFileReference; lastKnownFileType = sourcecode.swift; path = TransactionsStoreFactory.swift; sourceTree = "<group>"; };
		3AA9C1B828DB533F00C1E37B /* TransactionsView+ViewInspector.swift */ = {isa = PBXFileReference; lastKnownFileType = sourcecode.swift; path = "TransactionsView+ViewInspector.swift"; sourceTree = "<group>"; };
		3AA9C1BA28E1830700C1E37B /* SharedTestHelpers.swift */ = {isa = PBXFileReference; lastKnownFileType = sourcecode.swift; path = SharedTestHelpers.swift; sourceTree = "<group>"; };
		3AAAA81B28D2DDC900E0DF6B /* InvestmentsApp.app */ = {isa = PBXFileReference; explicitFileType = wrapper.application; includeInIndex = 0; path = InvestmentsApp.app; sourceTree = BUILT_PRODUCTS_DIR; };
		3AAAA81E28D2DDC900E0DF6B /* InvestmentsAppApp.swift */ = {isa = PBXFileReference; lastKnownFileType = sourcecode.swift; path = InvestmentsAppApp.swift; sourceTree = "<group>"; };
		3AAAA82028D2DDC900E0DF6B /* TransactionsView.swift */ = {isa = PBXFileReference; lastKnownFileType = sourcecode.swift; path = TransactionsView.swift; sourceTree = "<group>"; };
		3AAAA82228D2DDCB00E0DF6B /* Assets.xcassets */ = {isa = PBXFileReference; lastKnownFileType = folder.assetcatalog; path = Assets.xcassets; sourceTree = "<group>"; };
		3AAAA82528D2DDCB00E0DF6B /* Preview Assets.xcassets */ = {isa = PBXFileReference; lastKnownFileType = folder.assetcatalog; path = "Preview Assets.xcassets"; sourceTree = "<group>"; };
		3AAAA83128D2DEA500E0DF6B /* InvestmentsFrameworks.framework */ = {isa = PBXFileReference; explicitFileType = wrapper.framework; path = InvestmentsFrameworks.framework; sourceTree = BUILT_PRODUCTS_DIR; };
		3AAAA83528D303B300E0DF6B /* TransactionView.swift */ = {isa = PBXFileReference; lastKnownFileType = sourcecode.swift; path = TransactionView.swift; sourceTree = "<group>"; };
		3AAAA83728D309B500E0DF6B /* Date+Helpers.swift */ = {isa = PBXFileReference; lastKnownFileType = sourcecode.swift; path = "Date+Helpers.swift"; sourceTree = "<group>"; };
		3AAAA83928D30AE100E0DF6B /* Double+Helpers.swift */ = {isa = PBXFileReference; lastKnownFileType = sourcecode.swift; path = "Double+Helpers.swift"; sourceTree = "<group>"; };
		3AAAA84028D3148A00E0DF6B /* Transaction+PreviewData.swift */ = {isa = PBXFileReference; lastKnownFileType = sourcecode.swift; path = "Transaction+PreviewData.swift"; sourceTree = "<group>"; };
		3AAAA86C28D7561F00E0DF6B /* ActivatableNavigationLink.swift */ = {isa = PBXFileReference; lastKnownFileType = sourcecode.swift; path = ActivatableNavigationLink.swift; sourceTree = "<group>"; };
		3AAAA86E28D98D9B00E0DF6B /* TransactionsViewModel+Preview.swift */ = {isa = PBXFileReference; lastKnownFileType = sourcecode.swift; path = "TransactionsViewModel+Preview.swift"; sourceTree = "<group>"; };
		3AAAA87428D9B6C000E0DF6B /* InvestmentsAppTests.xctest */ = {isa = PBXFileReference; explicitFileType = wrapper.cfbundle; includeInIndex = 0; path = InvestmentsAppTests.xctest; sourceTree = BUILT_PRODUCTS_DIR; };
		3AAAA87D28D9B72600E0DF6B /* AlertViewModelTests.swift */ = {isa = PBXFileReference; lastKnownFileType = sourcecode.swift; path = AlertViewModelTests.swift; sourceTree = "<group>"; };
		3AAAA87F28D9B7B400E0DF6B /* AlertViewModel.swift */ = {isa = PBXFileReference; lastKnownFileType = sourcecode.swift; path = AlertViewModel.swift; sourceTree = "<group>"; };
		3AAAA88128D9B93000E0DF6B /* MainFlowTests.swift */ = {isa = PBXFileReference; lastKnownFileType = sourcecode.swift; path = MainFlowTests.swift; sourceTree = "<group>"; };
		3AAAA88328D9B95000E0DF6B /* MainFlow.swift */ = {isa = PBXFileReference; lastKnownFileType = sourcecode.swift; path = MainFlow.swift; sourceTree = "<group>"; };
		3AAAA88B28D9C10B00E0DF6B /* NullStore.swift */ = {isa = PBXFileReference; lastKnownFileType = sourcecode.swift; path = NullStore.swift; sourceTree = "<group>"; };
		3AAAA88D28D9C21E00E0DF6B /* TransactionsViewModelFactory.swift */ = {isa = PBXFileReference; lastKnownFileType = sourcecode.swift; path = TransactionsViewModelFactory.swift; sourceTree = "<group>"; };
		3AAAA89228D9E4B800E0DF6B /* TransactionsViewTests.swift */ = {isa = PBXFileReference; lastKnownFileType = sourcecode.swift; path = TransactionsViewTests.swift; sourceTree = "<group>"; };
/* End PBXFileReference section */

/* Begin PBXFrameworksBuildPhase section */
		3AAAA81828D2DDC900E0DF6B /* Frameworks */ = {
			isa = PBXFrameworksBuildPhase;
			buildActionMask = 2147483647;
			files = (
				3AAAA83228D2DEA500E0DF6B /* InvestmentsFrameworks.framework in Frameworks */,
			);
			runOnlyForDeploymentPostprocessing = 0;
		};
		3AAAA87128D9B6C000E0DF6B /* Frameworks */ = {
			isa = PBXFrameworksBuildPhase;
			buildActionMask = 2147483647;
			files = (
				3AA9C1A828D9E94200C1E37B /* ViewInspector in Frameworks */,
			);
			runOnlyForDeploymentPostprocessing = 0;
		};
/* End PBXFrameworksBuildPhase section */

/* Begin PBXGroup section */
		3A14586F28E1CFDA00AD1EF5 /* Portfolio */ = {
			isa = PBXGroup;
			children = (
				3A7648E328E1E95700B810B7 /* Helpers */,
				3A14587028E1D00400AD1EF5 /* PortfolioViewTests.swift */,
				3A7648E728E2A65500B810B7 /* PortfolioFlowTests.swift */,
				3A7648EB28E2ACE200B810B7 /* PortfolioAcceptanceTests.swift */,
			);
			path = Portfolio;
			sourceTree = "<group>";
		};
		3A14587228E1D23E00AD1EF5 /* Portfolio */ = {
			isa = PBXGroup;
			children = (
				3A14587328E1D24900AD1EF5 /* Views */,
			);
			path = Portfolio;
			sourceTree = "<group>";
		};
		3A14587328E1D24900AD1EF5 /* Views */ = {
			isa = PBXGroup;
			children = (
				3A14587528E1D25C00AD1EF5 /* PortfolioView.swift */,
			);
			path = Views;
			sourceTree = "<group>";
		};
		3A7648E328E1E95700B810B7 /* Helpers */ = {
			isa = PBXGroup;
			children = (
				3A7648E528E1E96C00B810B7 /* PortfolioTestHelpers.swift */,
			);
			path = Helpers;
			sourceTree = "<group>";
		};
		3A76493228E6A7EF00B810B7 /* CurrentPrices */ = {
			isa = PBXGroup;
			children = (
				3A76493A28E6F62300B810B7 /* Helpers */,
				3A76493328E6A81900B810B7 /* CurrentPricesFlowTests.swift */,
				3A76493828E6DC6400B810B7 /* CurrentPricesAcceptranceTests.swift */,
			);
			path = CurrentPrices;
			sourceTree = "<group>";
		};
		3A76493528E6C01D00B810B7 /* CurrentPrices */ = {
			isa = PBXGroup;
			children = (
				3A76493628E6C04300B810B7 /* CurrentPricesFlow.swift */,
			);
			path = CurrentPrices;
			sourceTree = "<group>";
		};
		3A76493A28E6F62300B810B7 /* Helpers */ = {
			isa = PBXGroup;
			children = (
				3A76493B28E6F63300B810B7 /* CurrentPriceLoaderSpy.swift */,
			);
			path = Helpers;
			sourceTree = "<group>";
		};
		3AA9C1AB28DAE55400C1E37B /* Helpers */ = {
			isa = PBXGroup;
			children = (
				3AA9C1AC28DAE56B00C1E37B /* XCTestCase+MemoryLeakTracking.swift */,
				3AA9C1B028DB40E200C1E37B /* InMemoryStore.swift */,
			);
			path = Helpers;
			sourceTree = "<group>";
		};
		3AA9C1B628DB52DC00C1E37B /* Transactions */ = {
			isa = PBXGroup;
			children = (
				3AA9C1B728DB52F200C1E37B /* Helpers */,
				3AAAA89228D9E4B800E0DF6B /* TransactionsViewTests.swift */,
				3AA9C1A928DAE4FC00C1E37B /* TransactionViewTests.swift */,
				3AA9C1AE28DB1DC100C1E37B /* TransactionsAcceptanceTests.swift */,
			);
			path = Transactions;
			sourceTree = "<group>";
		};
		3AA9C1B728DB52F200C1E37B /* Helpers */ = {
			isa = PBXGroup;
			children = (
				3AA9C1B828DB533F00C1E37B /* TransactionsView+ViewInspector.swift */,
			);
			path = Helpers;
			sourceTree = "<group>";
		};
		3AAAA81228D2DDC900E0DF6B = {
			isa = PBXGroup;
			children = (
				3AAAA81D28D2DDC900E0DF6B /* InvestmentsApp */,
				3AAAA87528D9B6C100E0DF6B /* InvestmentsAppTests */,
				3AAAA81C28D2DDC900E0DF6B /* Products */,
				3AAAA82C28D2DE6100E0DF6B /* Frameworks */,
			);
			sourceTree = "<group>";
		};
		3AAAA81C28D2DDC900E0DF6B /* Products */ = {
			isa = PBXGroup;
			children = (
				3AAAA81B28D2DDC900E0DF6B /* InvestmentsApp.app */,
				3AAAA87428D9B6C000E0DF6B /* InvestmentsAppTests.xctest */,
			);
			name = Products;
			sourceTree = "<group>";
		};
		3AAAA81D28D2DDC900E0DF6B /* InvestmentsApp */ = {
			isa = PBXGroup;
			children = (
				3AAAA88928D9C07D00E0DF6B /* Helpers */,
				3AAAA81E28D2DDC900E0DF6B /* InvestmentsAppApp.swift */,
				3AAAA88328D9B95000E0DF6B /* MainFlow.swift */,
				3AA9C1B228DB4B1A00C1E37B /* ContentView.swift */,
				3A7648E928E2A77C00B810B7 /* PortfolioFlow.swift */,
				3AAAA87F28D9B7B400E0DF6B /* AlertViewModel.swift */,
				3AAAA83B28D30CC200E0DF6B /* Transactions */,
				3A14587228E1D23E00AD1EF5 /* Portfolio */,
				3A76493528E6C01D00B810B7 /* CurrentPrices */,
				3AAAA82228D2DDCB00E0DF6B /* Assets.xcassets */,
				3AAAA82428D2DDCB00E0DF6B /* Preview Content */,
			);
			path = InvestmentsApp;
			sourceTree = "<group>";
		};
		3AAAA82428D2DDCB00E0DF6B /* Preview Content */ = {
			isa = PBXGroup;
			children = (
				3AAAA84228D32DD000E0DF6B /* Transactions */,
				3AAAA82528D2DDCB00E0DF6B /* Preview Assets.xcassets */,
			);
			path = "Preview Content";
			sourceTree = "<group>";
		};
		3AAAA82C28D2DE6100E0DF6B /* Frameworks */ = {
			isa = PBXGroup;
			children = (
				3AAAA83128D2DEA500E0DF6B /* InvestmentsFrameworks.framework */,
			);
			name = Frameworks;
			sourceTree = "<group>";
		};
		3AAAA83B28D30CC200E0DF6B /* Transactions */ = {
			isa = PBXGroup;
			children = (
				3AAAA83C28D30CC900E0DF6B /* Helpers */,
				3AAAA83D28D30CDC00E0DF6B /* Views */,
			);
			path = Transactions;
			sourceTree = "<group>";
		};
		3AAAA83C28D30CC900E0DF6B /* Helpers */ = {
			isa = PBXGroup;
			children = (
				3AAAA83728D309B500E0DF6B /* Date+Helpers.swift */,
				3AAAA83928D30AE100E0DF6B /* Double+Helpers.swift */,
				3AAAA88D28D9C21E00E0DF6B /* TransactionsViewModelFactory.swift */,
			);
			path = Helpers;
			sourceTree = "<group>";
		};
		3AAAA83D28D30CDC00E0DF6B /* Views */ = {
			isa = PBXGroup;
			children = (
				3AAAA86B28D755EF00E0DF6B /* Helpers */,
				3AAAA82028D2DDC900E0DF6B /* TransactionsView.swift */,
				3AAAA83528D303B300E0DF6B /* TransactionView.swift */,
			);
			path = Views;
			sourceTree = "<group>";
		};
		3AAAA84228D32DD000E0DF6B /* Transactions */ = {
			isa = PBXGroup;
			children = (
				3AAAA84028D3148A00E0DF6B /* Transaction+PreviewData.swift */,
				3AAAA86E28D98D9B00E0DF6B /* TransactionsViewModel+Preview.swift */,
			);
			path = Transactions;
			sourceTree = "<group>";
		};
		3AAAA86B28D755EF00E0DF6B /* Helpers */ = {
			isa = PBXGroup;
			children = (
				3AAAA86C28D7561F00E0DF6B /* ActivatableNavigationLink.swift */,
			);
			path = Helpers;
			sourceTree = "<group>";
		};
		3AAAA87528D9B6C100E0DF6B /* InvestmentsAppTests */ = {
			isa = PBXGroup;
			children = (
				3AA9C1AB28DAE55400C1E37B /* Helpers */,
				3AAAA87D28D9B72600E0DF6B /* AlertViewModelTests.swift */,
				3AAAA88128D9B93000E0DF6B /* MainFlowTests.swift */,
				3AA9C1BA28E1830700C1E37B /* SharedTestHelpers.swift */,
				3AA9C1B628DB52DC00C1E37B /* Transactions */,
				3A14586F28E1CFDA00AD1EF5 /* Portfolio */,
				3A76493228E6A7EF00B810B7 /* CurrentPrices */,
			);
			path = InvestmentsAppTests;
			sourceTree = "<group>";
		};
		3AAAA88928D9C07D00E0DF6B /* Helpers */ = {
			isa = PBXGroup;
			children = (
				3AA9C1B428DB4BEB00C1E37B /* TransactionsStoreFactory.swift */,
				3AAAA88B28D9C10B00E0DF6B /* NullStore.swift */,
			);
			path = Helpers;
			sourceTree = "<group>";
		};
/* End PBXGroup section */

/* Begin PBXNativeTarget section */
		3AAAA81A28D2DDC900E0DF6B /* InvestmentsApp */ = {
			isa = PBXNativeTarget;
			buildConfigurationList = 3AAAA82928D2DDCB00E0DF6B /* Build configuration list for PBXNativeTarget "InvestmentsApp" */;
			buildPhases = (
				3AAAA81728D2DDC900E0DF6B /* Sources */,
				3AAAA81828D2DDC900E0DF6B /* Frameworks */,
				3AAAA81928D2DDC900E0DF6B /* Resources */,
				3AAAA83428D2DEA600E0DF6B /* Embed Frameworks */,
			);
			buildRules = (
			);
			dependencies = (
			);
			name = InvestmentsApp;
			packageProductDependencies = (
			);
			productName = InvestmentsApp;
			productReference = 3AAAA81B28D2DDC900E0DF6B /* InvestmentsApp.app */;
			productType = "com.apple.product-type.application";
		};
		3AAAA87328D9B6C000E0DF6B /* InvestmentsAppTests */ = {
			isa = PBXNativeTarget;
			buildConfigurationList = 3AAAA87A28D9B6C100E0DF6B /* Build configuration list for PBXNativeTarget "InvestmentsAppTests" */;
			buildPhases = (
				3AAAA87028D9B6C000E0DF6B /* Sources */,
				3AAAA87128D9B6C000E0DF6B /* Frameworks */,
				3AAAA87228D9B6C000E0DF6B /* Resources */,
			);
			buildRules = (
			);
			dependencies = (
				3AAAA87928D9B6C100E0DF6B /* PBXTargetDependency */,
			);
			name = InvestmentsAppTests;
			packageProductDependencies = (
				3AA9C1A728D9E94200C1E37B /* ViewInspector */,
			);
			productName = InvestmentsAppTests;
			productReference = 3AAAA87428D9B6C000E0DF6B /* InvestmentsAppTests.xctest */;
			productType = "com.apple.product-type.bundle.unit-test";
		};
/* End PBXNativeTarget section */

/* Begin PBXProject section */
		3AAAA81328D2DDC900E0DF6B /* Project object */ = {
			isa = PBXProject;
			attributes = {
				BuildIndependentTargetsInParallel = 1;
				LastSwiftUpdateCheck = 1340;
				LastUpgradeCheck = 1340;
				TargetAttributes = {
					3AAAA81A28D2DDC900E0DF6B = {
						CreatedOnToolsVersion = 13.4;
					};
					3AAAA87328D9B6C000E0DF6B = {
						CreatedOnToolsVersion = 13.4;
						TestTargetID = 3AAAA81A28D2DDC900E0DF6B;
					};
				};
			};
			buildConfigurationList = 3AAAA81628D2DDC900E0DF6B /* Build configuration list for PBXProject "InvestmentsApp" */;
			compatibilityVersion = "Xcode 13.0";
			developmentRegion = en;
			hasScannedForEncodings = 0;
			knownRegions = (
				en,
				Base,
			);
			mainGroup = 3AAAA81228D2DDC900E0DF6B;
			packageReferences = (
				3AA9C1A628D9E94200C1E37B /* XCRemoteSwiftPackageReference "ViewInspector" */,
			);
			productRefGroup = 3AAAA81C28D2DDC900E0DF6B /* Products */;
			projectDirPath = "";
			projectRoot = "";
			targets = (
				3AAAA81A28D2DDC900E0DF6B /* InvestmentsApp */,
				3AAAA87328D9B6C000E0DF6B /* InvestmentsAppTests */,
			);
		};
/* End PBXProject section */

/* Begin PBXResourcesBuildPhase section */
		3AAAA81928D2DDC900E0DF6B /* Resources */ = {
			isa = PBXResourcesBuildPhase;
			buildActionMask = 2147483647;
			files = (
				3AAAA82628D2DDCB00E0DF6B /* Preview Assets.xcassets in Resources */,
				3AAAA82328D2DDCB00E0DF6B /* Assets.xcassets in Resources */,
			);
			runOnlyForDeploymentPostprocessing = 0;
		};
		3AAAA87228D9B6C000E0DF6B /* Resources */ = {
			isa = PBXResourcesBuildPhase;
			buildActionMask = 2147483647;
			files = (
			);
			runOnlyForDeploymentPostprocessing = 0;
		};
/* End PBXResourcesBuildPhase section */

/* Begin PBXSourcesBuildPhase section */
		3AAAA81728D2DDC900E0DF6B /* Sources */ = {
			isa = PBXSourcesBuildPhase;
			buildActionMask = 2147483647;
			files = (
				3AAAA86F28D98D9C00E0DF6B /* TransactionsViewModel+Preview.swift in Sources */,
				3A14587628E1D25C00AD1EF5 /* PortfolioView.swift in Sources */,
				3AAAA82128D2DDC900E0DF6B /* TransactionsView.swift in Sources */,
				3AAAA88428D9B95000E0DF6B /* MainFlow.swift in Sources */,
				3A7648EA28E2A77C00B810B7 /* PortfolioFlow.swift in Sources */,
				3AAAA83828D309B500E0DF6B /* Date+Helpers.swift in Sources */,
				3AAAA88028D9B7B400E0DF6B /* AlertViewModel.swift in Sources */,
				3AAAA83A28D30AE100E0DF6B /* Double+Helpers.swift in Sources */,
				3AA9C1B528DB4BEB00C1E37B /* TransactionsStoreFactory.swift in Sources */,
				3AAAA84128D3148A00E0DF6B /* Transaction+PreviewData.swift in Sources */,
				3AAAA81F28D2DDC900E0DF6B /* InvestmentsAppApp.swift in Sources */,
				3AAAA83628D303B400E0DF6B /* TransactionView.swift in Sources */,
				3A76493728E6C04300B810B7 /* CurrentPricesFlow.swift in Sources */,
				3AA9C1B328DB4B1A00C1E37B /* ContentView.swift in Sources */,
				3AAAA88C28D9C10B00E0DF6B /* NullStore.swift in Sources */,
				3AAAA88E28D9C21E00E0DF6B /* TransactionsViewModelFactory.swift in Sources */,
				3AAAA86D28D7562000E0DF6B /* ActivatableNavigationLink.swift in Sources */,
			);
			runOnlyForDeploymentPostprocessing = 0;
		};
		3AAAA87028D9B6C000E0DF6B /* Sources */ = {
			isa = PBXSourcesBuildPhase;
			buildActionMask = 2147483647;
			files = (
				3AA9C1B928DB533F00C1E37B /* TransactionsView+ViewInspector.swift in Sources */,
				3A7648E628E1E96C00B810B7 /* PortfolioTestHelpers.swift in Sources */,
				3AAAA88228D9B93000E0DF6B /* MainFlowTests.swift in Sources */,
				3AA9C1AF28DB1DC100C1E37B /* TransactionsAcceptanceTests.swift in Sources */,
				3A14587128E1D00400AD1EF5 /* PortfolioViewTests.swift in Sources */,
				3AA9C1AA28DAE4FC00C1E37B /* TransactionViewTests.swift in Sources */,
				3AAAA89328D9E4B800E0DF6B /* TransactionsViewTests.swift in Sources */,
				3AA9C1BB28E1830700C1E37B /* SharedTestHelpers.swift in Sources */,
				3A7648E828E2A65500B810B7 /* PortfolioFlowTests.swift in Sources */,
				3AAAA87E28D9B72600E0DF6B /* AlertViewModelTests.swift in Sources */,
				3A7648EC28E2ACE200B810B7 /* PortfolioAcceptanceTests.swift in Sources */,
				3AA9C1B128DB40E200C1E37B /* InMemoryStore.swift in Sources */,
				3AA9C1AD28DAE56B00C1E37B /* XCTestCase+MemoryLeakTracking.swift in Sources */,
				3A76493928E6DC6400B810B7 /* CurrentPricesAcceptranceTests.swift in Sources */,
				3A76493428E6A81900B810B7 /* CurrentPricesFlowTests.swift in Sources */,
				3A76493C28E6F63300B810B7 /* CurrentPriceLoaderSpy.swift in Sources */,
			);
			runOnlyForDeploymentPostprocessing = 0;
		};
/* End PBXSourcesBuildPhase section */

/* Begin PBXTargetDependency section */
		3AAAA87928D9B6C100E0DF6B /* PBXTargetDependency */ = {
			isa = PBXTargetDependency;
			target = 3AAAA81A28D2DDC900E0DF6B /* InvestmentsApp */;
			targetProxy = 3AAAA87828D9B6C100E0DF6B /* PBXContainerItemProxy */;
		};
/* End PBXTargetDependency section */

/* Begin XCBuildConfiguration section */
		3AAAA82728D2DDCB00E0DF6B /* Debug */ = {
			isa = XCBuildConfiguration;
			buildSettings = {
				ALWAYS_SEARCH_USER_PATHS = NO;
				CLANG_ANALYZER_NONNULL = YES;
				CLANG_ANALYZER_NUMBER_OBJECT_CONVERSION = YES_AGGRESSIVE;
				CLANG_CXX_LANGUAGE_STANDARD = "gnu++17";
				CLANG_ENABLE_MODULES = YES;
				CLANG_ENABLE_OBJC_ARC = YES;
				CLANG_ENABLE_OBJC_WEAK = YES;
				CLANG_WARN_BLOCK_CAPTURE_AUTORELEASING = YES;
				CLANG_WARN_BOOL_CONVERSION = YES;
				CLANG_WARN_COMMA = YES;
				CLANG_WARN_CONSTANT_CONVERSION = YES;
				CLANG_WARN_DEPRECATED_OBJC_IMPLEMENTATIONS = YES;
				CLANG_WARN_DIRECT_OBJC_ISA_USAGE = YES_ERROR;
				CLANG_WARN_DOCUMENTATION_COMMENTS = YES;
				CLANG_WARN_EMPTY_BODY = YES;
				CLANG_WARN_ENUM_CONVERSION = YES;
				CLANG_WARN_INFINITE_RECURSION = YES;
				CLANG_WARN_INT_CONVERSION = YES;
				CLANG_WARN_NON_LITERAL_NULL_CONVERSION = YES;
				CLANG_WARN_OBJC_IMPLICIT_RETAIN_SELF = YES;
				CLANG_WARN_OBJC_LITERAL_CONVERSION = YES;
				CLANG_WARN_OBJC_ROOT_CLASS = YES_ERROR;
				CLANG_WARN_QUOTED_INCLUDE_IN_FRAMEWORK_HEADER = YES;
				CLANG_WARN_RANGE_LOOP_ANALYSIS = YES;
				CLANG_WARN_STRICT_PROTOTYPES = YES;
				CLANG_WARN_SUSPICIOUS_MOVE = YES;
				CLANG_WARN_UNGUARDED_AVAILABILITY = YES_AGGRESSIVE;
				CLANG_WARN_UNREACHABLE_CODE = YES;
				CLANG_WARN__DUPLICATE_METHOD_MATCH = YES;
				COPY_PHASE_STRIP = NO;
				DEBUG_INFORMATION_FORMAT = dwarf;
				ENABLE_STRICT_OBJC_MSGSEND = YES;
				ENABLE_TESTABILITY = YES;
				GCC_C_LANGUAGE_STANDARD = gnu11;
				GCC_DYNAMIC_NO_PIC = NO;
				GCC_NO_COMMON_BLOCKS = YES;
				GCC_OPTIMIZATION_LEVEL = 0;
				GCC_PREPROCESSOR_DEFINITIONS = (
					"DEBUG=1",
					"$(inherited)",
				);
				GCC_WARN_64_TO_32_BIT_CONVERSION = YES;
				GCC_WARN_ABOUT_RETURN_TYPE = YES_ERROR;
				GCC_WARN_UNDECLARED_SELECTOR = YES;
				GCC_WARN_UNINITIALIZED_AUTOS = YES_AGGRESSIVE;
				GCC_WARN_UNUSED_FUNCTION = YES;
				GCC_WARN_UNUSED_VARIABLE = YES;
				IPHONEOS_DEPLOYMENT_TARGET = 15.5;
				MTL_ENABLE_DEBUG_INFO = INCLUDE_SOURCE;
				MTL_FAST_MATH = YES;
				ONLY_ACTIVE_ARCH = YES;
				SDKROOT = iphoneos;
				SWIFT_ACTIVE_COMPILATION_CONDITIONS = DEBUG;
				SWIFT_OPTIMIZATION_LEVEL = "-Onone";
			};
			name = Debug;
		};
		3AAAA82828D2DDCB00E0DF6B /* Release */ = {
			isa = XCBuildConfiguration;
			buildSettings = {
				ALWAYS_SEARCH_USER_PATHS = NO;
				CLANG_ANALYZER_NONNULL = YES;
				CLANG_ANALYZER_NUMBER_OBJECT_CONVERSION = YES_AGGRESSIVE;
				CLANG_CXX_LANGUAGE_STANDARD = "gnu++17";
				CLANG_ENABLE_MODULES = YES;
				CLANG_ENABLE_OBJC_ARC = YES;
				CLANG_ENABLE_OBJC_WEAK = YES;
				CLANG_WARN_BLOCK_CAPTURE_AUTORELEASING = YES;
				CLANG_WARN_BOOL_CONVERSION = YES;
				CLANG_WARN_COMMA = YES;
				CLANG_WARN_CONSTANT_CONVERSION = YES;
				CLANG_WARN_DEPRECATED_OBJC_IMPLEMENTATIONS = YES;
				CLANG_WARN_DIRECT_OBJC_ISA_USAGE = YES_ERROR;
				CLANG_WARN_DOCUMENTATION_COMMENTS = YES;
				CLANG_WARN_EMPTY_BODY = YES;
				CLANG_WARN_ENUM_CONVERSION = YES;
				CLANG_WARN_INFINITE_RECURSION = YES;
				CLANG_WARN_INT_CONVERSION = YES;
				CLANG_WARN_NON_LITERAL_NULL_CONVERSION = YES;
				CLANG_WARN_OBJC_IMPLICIT_RETAIN_SELF = YES;
				CLANG_WARN_OBJC_LITERAL_CONVERSION = YES;
				CLANG_WARN_OBJC_ROOT_CLASS = YES_ERROR;
				CLANG_WARN_QUOTED_INCLUDE_IN_FRAMEWORK_HEADER = YES;
				CLANG_WARN_RANGE_LOOP_ANALYSIS = YES;
				CLANG_WARN_STRICT_PROTOTYPES = YES;
				CLANG_WARN_SUSPICIOUS_MOVE = YES;
				CLANG_WARN_UNGUARDED_AVAILABILITY = YES_AGGRESSIVE;
				CLANG_WARN_UNREACHABLE_CODE = YES;
				CLANG_WARN__DUPLICATE_METHOD_MATCH = YES;
				COPY_PHASE_STRIP = NO;
				DEBUG_INFORMATION_FORMAT = "dwarf-with-dsym";
				ENABLE_NS_ASSERTIONS = NO;
				ENABLE_STRICT_OBJC_MSGSEND = YES;
				GCC_C_LANGUAGE_STANDARD = gnu11;
				GCC_NO_COMMON_BLOCKS = YES;
				GCC_WARN_64_TO_32_BIT_CONVERSION = YES;
				GCC_WARN_ABOUT_RETURN_TYPE = YES_ERROR;
				GCC_WARN_UNDECLARED_SELECTOR = YES;
				GCC_WARN_UNINITIALIZED_AUTOS = YES_AGGRESSIVE;
				GCC_WARN_UNUSED_FUNCTION = YES;
				GCC_WARN_UNUSED_VARIABLE = YES;
				IPHONEOS_DEPLOYMENT_TARGET = 15.5;
				MTL_ENABLE_DEBUG_INFO = NO;
				MTL_FAST_MATH = YES;
				SDKROOT = iphoneos;
				SWIFT_COMPILATION_MODE = wholemodule;
				SWIFT_OPTIMIZATION_LEVEL = "-O";
				VALIDATE_PRODUCT = YES;
			};
			name = Release;
		};
		3AAAA82A28D2DDCB00E0DF6B /* Debug */ = {
			isa = XCBuildConfiguration;
			buildSettings = {
				ASSETCATALOG_COMPILER_APPICON_NAME = AppIcon;
				ASSETCATALOG_COMPILER_GLOBAL_ACCENT_COLOR_NAME = AccentColor;
				CODE_SIGN_STYLE = Automatic;
				CURRENT_PROJECT_VERSION = 1;
				DEVELOPMENT_ASSET_PATHS = "\"InvestmentsApp/Preview Content\"";
				DEVELOPMENT_TEAM = 836WWF38RW;
				ENABLE_PREVIEWS = YES;
				GENERATE_INFOPLIST_FILE = YES;
				INFOPLIST_KEY_UIApplicationSceneManifest_Generation = YES;
				INFOPLIST_KEY_UIApplicationSupportsIndirectInputEvents = YES;
				INFOPLIST_KEY_UILaunchScreen_Generation = YES;
				INFOPLIST_KEY_UISupportedInterfaceOrientations_iPad = "UIInterfaceOrientationPortrait UIInterfaceOrientationPortraitUpsideDown UIInterfaceOrientationLandscapeLeft UIInterfaceOrientationLandscapeRight";
				INFOPLIST_KEY_UISupportedInterfaceOrientations_iPhone = "UIInterfaceOrientationPortrait UIInterfaceOrientationLandscapeLeft UIInterfaceOrientationLandscapeRight";
				LD_RUNPATH_SEARCH_PATHS = (
					"$(inherited)",
					"@executable_path/Frameworks",
				);
				MARKETING_VERSION = 1.0;
				PRODUCT_BUNDLE_IDENTIFIER = "Lev-Litvak.InvestmentsApp";
				PRODUCT_NAME = "$(TARGET_NAME)";
				SWIFT_EMIT_LOC_STRINGS = YES;
				SWIFT_VERSION = 5.0;
				TARGETED_DEVICE_FAMILY = "1,2";
			};
			name = Debug;
		};
		3AAAA82B28D2DDCB00E0DF6B /* Release */ = {
			isa = XCBuildConfiguration;
			buildSettings = {
				ASSETCATALOG_COMPILER_APPICON_NAME = AppIcon;
				ASSETCATALOG_COMPILER_GLOBAL_ACCENT_COLOR_NAME = AccentColor;
				CODE_SIGN_STYLE = Automatic;
				CURRENT_PROJECT_VERSION = 1;
				DEVELOPMENT_ASSET_PATHS = "\"InvestmentsApp/Preview Content\"";
				DEVELOPMENT_TEAM = 836WWF38RW;
				ENABLE_PREVIEWS = YES;
				GENERATE_INFOPLIST_FILE = YES;
				INFOPLIST_KEY_UIApplicationSceneManifest_Generation = YES;
				INFOPLIST_KEY_UIApplicationSupportsIndirectInputEvents = YES;
				INFOPLIST_KEY_UILaunchScreen_Generation = YES;
				INFOPLIST_KEY_UISupportedInterfaceOrientations_iPad = "UIInterfaceOrientationPortrait UIInterfaceOrientationPortraitUpsideDown UIInterfaceOrientationLandscapeLeft UIInterfaceOrientationLandscapeRight";
				INFOPLIST_KEY_UISupportedInterfaceOrientations_iPhone = "UIInterfaceOrientationPortrait UIInterfaceOrientationLandscapeLeft UIInterfaceOrientationLandscapeRight";
				LD_RUNPATH_SEARCH_PATHS = (
					"$(inherited)",
					"@executable_path/Frameworks",
				);
				MARKETING_VERSION = 1.0;
				PRODUCT_BUNDLE_IDENTIFIER = "Lev-Litvak.InvestmentsApp";
				PRODUCT_NAME = "$(TARGET_NAME)";
				SWIFT_EMIT_LOC_STRINGS = YES;
				SWIFT_VERSION = 5.0;
				TARGETED_DEVICE_FAMILY = "1,2";
			};
			name = Release;
		};
		3AAAA87B28D9B6C100E0DF6B /* Debug */ = {
			isa = XCBuildConfiguration;
			buildSettings = {
				BUNDLE_LOADER = "$(TEST_HOST)";
				CODE_SIGN_STYLE = Automatic;
				CURRENT_PROJECT_VERSION = 1;
				DEVELOPMENT_TEAM = 836WWF38RW;
				GENERATE_INFOPLIST_FILE = YES;
				MARKETING_VERSION = 1.0;
				PRODUCT_BUNDLE_IDENTIFIER = "Lev-Litvak.InvestmentsAppTests";
				PRODUCT_NAME = "$(TARGET_NAME)";
				SWIFT_EMIT_LOC_STRINGS = NO;
				SWIFT_VERSION = 5.0;
				TARGETED_DEVICE_FAMILY = "1,2";
				TEST_HOST = "$(BUILT_PRODUCTS_DIR)/InvestmentsApp.app/InvestmentsApp";
			};
			name = Debug;
		};
		3AAAA87C28D9B6C100E0DF6B /* Release */ = {
			isa = XCBuildConfiguration;
			buildSettings = {
				BUNDLE_LOADER = "$(TEST_HOST)";
				CODE_SIGN_STYLE = Automatic;
				CURRENT_PROJECT_VERSION = 1;
				DEVELOPMENT_TEAM = 836WWF38RW;
				GENERATE_INFOPLIST_FILE = YES;
				MARKETING_VERSION = 1.0;
				PRODUCT_BUNDLE_IDENTIFIER = "Lev-Litvak.InvestmentsAppTests";
				PRODUCT_NAME = "$(TARGET_NAME)";
				SWIFT_EMIT_LOC_STRINGS = NO;
				SWIFT_VERSION = 5.0;
				TARGETED_DEVICE_FAMILY = "1,2";
				TEST_HOST = "$(BUILT_PRODUCTS_DIR)/InvestmentsApp.app/InvestmentsApp";
			};
			name = Release;
		};
/* End XCBuildConfiguration section */

/* Begin XCConfigurationList section */
		3AAAA81628D2DDC900E0DF6B /* Build configuration list for PBXProject "InvestmentsApp" */ = {
			isa = XCConfigurationList;
			buildConfigurations = (
				3AAAA82728D2DDCB00E0DF6B /* Debug */,
				3AAAA82828D2DDCB00E0DF6B /* Release */,
			);
			defaultConfigurationIsVisible = 0;
			defaultConfigurationName = Release;
		};
		3AAAA82928D2DDCB00E0DF6B /* Build configuration list for PBXNativeTarget "InvestmentsApp" */ = {
			isa = XCConfigurationList;
			buildConfigurations = (
				3AAAA82A28D2DDCB00E0DF6B /* Debug */,
				3AAAA82B28D2DDCB00E0DF6B /* Release */,
			);
			defaultConfigurationIsVisible = 0;
			defaultConfigurationName = Release;
		};
		3AAAA87A28D9B6C100E0DF6B /* Build configuration list for PBXNativeTarget "InvestmentsAppTests" */ = {
			isa = XCConfigurationList;
			buildConfigurations = (
				3AAAA87B28D9B6C100E0DF6B /* Debug */,
				3AAAA87C28D9B6C100E0DF6B /* Release */,
			);
			defaultConfigurationIsVisible = 0;
			defaultConfigurationName = Release;
		};
/* End XCConfigurationList section */

/* Begin XCRemoteSwiftPackageReference section */
		3AA9C1A628D9E94200C1E37B /* XCRemoteSwiftPackageReference "ViewInspector" */ = {
			isa = XCRemoteSwiftPackageReference;
			repositoryURL = "https://github.com/nalexn/ViewInspector";
			requirement = {
				kind = revision;
				revision = 6fea120e47f88eacf199522c4b4692017cff92bf;
			};
		};
/* End XCRemoteSwiftPackageReference section */

/* Begin XCSwiftPackageProductDependency section */
		3AA9C1A728D9E94200C1E37B /* ViewInspector */ = {
			isa = XCSwiftPackageProductDependency;
			package = 3AA9C1A628D9E94200C1E37B /* XCRemoteSwiftPackageReference "ViewInspector" */;
			productName = ViewInspector;
		};
/* End XCSwiftPackageProductDependency section */
	};
	rootObject = 3AAAA81328D2DDC900E0DF6B /* Project object */;
}
