// !$*UTF8*$!
{
	archiveVersion = 1;
	classes = {
	};
	objectVersion = 55;
	objects = {

/* Begin PBXBuildFile section */
		3A14586928E1C3DB00AD1EF5 /* PortfolioViewModelTests.swift in Sources */ = {isa = PBXBuildFile; fileRef = 3A14586828E1C3DB00AD1EF5 /* PortfolioViewModelTests.swift */; };
		3A14586C28E1CE9800AD1EF5 /* PortfolioViewModel.swift in Sources */ = {isa = PBXBuildFile; fileRef = 3A14586B28E1CE9800AD1EF5 /* PortfolioViewModel.swift */; };
		3A38BFD528FA870E00427B59 /* TransactionsMapper.swift in Sources */ = {isa = PBXBuildFile; fileRef = 3AF7169B28F6C828008C4007 /* TransactionsMapper.swift */; };
		3A38BFD628FA871200427B59 /* TransactionsEndPoint.swift in Sources */ = {isa = PBXBuildFile; fileRef = 3AF716A128F6DE56008C4007 /* TransactionsEndPoint.swift */; };
		3A69253328FE8EC50095AB2E /* AlertViewModel.swift in Sources */ = {isa = PBXBuildFile; fileRef = 3A69253228FE8EC50095AB2E /* AlertViewModel.swift */; };
		3A69253628FE8F070095AB2E /* AlertViewModelTests.swift in Sources */ = {isa = PBXBuildFile; fileRef = 3A69253528FE8F070095AB2E /* AlertViewModelTests.swift */; };
		3A7648E228E1E76700B810B7 /* PortfolioTestHelpers.swift in Sources */ = {isa = PBXBuildFile; fileRef = 3A7648E128E1E76700B810B7 /* PortfolioTestHelpers.swift */; };
		3A7648EF28E309AE00B810B7 /* HTTPClient.swift in Sources */ = {isa = PBXBuildFile; fileRef = 3A7648EE28E309AE00B810B7 /* HTTPClient.swift */; };
		3A7648F228E309EB00B810B7 /* URLSessionHTTPClient.swift in Sources */ = {isa = PBXBuildFile; fileRef = 3A7648F128E309EB00B810B7 /* URLSessionHTTPClient.swift */; };
		3A7648F628E30A3E00B810B7 /* URLSessionHTTPClientTests.swift in Sources */ = {isa = PBXBuildFile; fileRef = 3A7648F528E30A3E00B810B7 /* URLSessionHTTPClientTests.swift */; };
		3A7648F928E30A6A00B810B7 /* URLProtocolStub.swift in Sources */ = {isa = PBXBuildFile; fileRef = 3A7648F828E30A6A00B810B7 /* URLProtocolStub.swift */; };
		3A7648FD28E3129400B810B7 /* CurrentPriceMapperTests.swift in Sources */ = {isa = PBXBuildFile; fileRef = 3A7648FC28E3129400B810B7 /* CurrentPriceMapperTests.swift */; };
		3A76490128E320ED00B810B7 /* CurrentPrice.swift in Sources */ = {isa = PBXBuildFile; fileRef = 3A76490028E320ED00B810B7 /* CurrentPrice.swift */; };
		3A76490328E3212500B810B7 /* CurrentPriceMapper.swift in Sources */ = {isa = PBXBuildFile; fileRef = 3A76490228E3212500B810B7 /* CurrentPriceMapper.swift */; };
		3A76490928E416F900B810B7 /* CoreDataCurrentPricesStoreTests.swift in Sources */ = {isa = PBXBuildFile; fileRef = 3A76490828E416F900B810B7 /* CoreDataCurrentPricesStoreTests.swift */; };
		3A76490E28E41BB400B810B7 /* CurrentPricesStore.swift in Sources */ = {isa = PBXBuildFile; fileRef = 3A76490D28E41BB400B810B7 /* CurrentPricesStore.swift */; };
		3A76491028E41C9F00B810B7 /* CoreDataCurrentPricesStore.swift in Sources */ = {isa = PBXBuildFile; fileRef = 3A76490F28E41C9F00B810B7 /* CoreDataCurrentPricesStore.swift */; };
		3A76491B28E437AE00B810B7 /* APIEndToEndTests.swift in Sources */ = {isa = PBXBuildFile; fileRef = 3A76491A28E437AE00B810B7 /* APIEndToEndTests.swift */; };
		3A76491C28E437AE00B810B7 /* InvestmentsFrameworks.framework in Frameworks */ = {isa = PBXBuildFile; fileRef = 3AAAA7AF28D0300A00E0DF6B /* InvestmentsFrameworks.framework */; platformFilter = ios; };
		3A76492228E438A200B810B7 /* XCTestCase+MemoryLeakTracking.swift in Sources */ = {isa = PBXBuildFile; fileRef = 3AAAA7DE28D1E66700E0DF6B /* XCTestCase+MemoryLeakTracking.swift */; };
		3A76492428E44BE400B810B7 /* CurrentPriceEndPointTests.swift in Sources */ = {isa = PBXBuildFile; fileRef = 3A76492328E44BE400B810B7 /* CurrentPriceEndPointTests.swift */; };
		3A76492628E44F1700B810B7 /* CurrentPriceEndPoint.swift in Sources */ = {isa = PBXBuildFile; fileRef = 3A76492528E44F1700B810B7 /* CurrentPriceEndPoint.swift */; };
		3A76492A28E4757900B810B7 /* CurrentPriceViewModelTests.swift in Sources */ = {isa = PBXBuildFile; fileRef = 3A76492928E4757900B810B7 /* CurrentPriceViewModelTests.swift */; };
		3A76492D28E5A45700B810B7 /* CurrentPricesViewModel.swift in Sources */ = {isa = PBXBuildFile; fileRef = 3A76492C28E5A45700B810B7 /* CurrentPricesViewModel.swift */; };
		3A76493128E5D8A000B810B7 /* StoredCurrentPrice.swift in Sources */ = {isa = PBXBuildFile; fileRef = 3A76493028E5D8A000B810B7 /* StoredCurrentPrice.swift */; };
		3A76494228EBE54000B810B7 /* CombineHelpers.swift in Sources */ = {isa = PBXBuildFile; fileRef = 3A76494128EBE53F00B810B7 /* CombineHelpers.swift */; };
		3AAAA7C028D051D000E0DF6B /* CoreDataTransactionsStoreTests.swift in Sources */ = {isa = PBXBuildFile; fileRef = 3AAAA7BF28D051D000E0DF6B /* CoreDataTransactionsStoreTests.swift */; };
		3AAAA7C128D051D000E0DF6B /* InvestmentsFrameworks.framework in Frameworks */ = {isa = PBXBuildFile; fileRef = 3AAAA7AF28D0300A00E0DF6B /* InvestmentsFrameworks.framework */; };
		3AAAA7C828D054B000E0DF6B /* TransactionsStore.swift in Sources */ = {isa = PBXBuildFile; fileRef = 3AAAA7C728D054B000E0DF6B /* TransactionsStore.swift */; };
		3AAAA7CA28D05C3C00E0DF6B /* Transaction.swift in Sources */ = {isa = PBXBuildFile; fileRef = 3AAAA7C928D05C3C00E0DF6B /* Transaction.swift */; };
		3AAAA7CD28D0B05F00E0DF6B /* TransactionsStore.xcdatamodeld in Sources */ = {isa = PBXBuildFile; fileRef = 3AAAA7CB28D0B05F00E0DF6B /* TransactionsStore.xcdatamodeld */; };
		3AAAA7CF28D0B13B00E0DF6B /* StoredTransaction.swift in Sources */ = {isa = PBXBuildFile; fileRef = 3AAAA7CE28D0B13B00E0DF6B /* StoredTransaction.swift */; };
		3AAAA7D128D0B36D00E0DF6B /* CoreDataHelpers.swift in Sources */ = {isa = PBXBuildFile; fileRef = 3AAAA7D028D0B36D00E0DF6B /* CoreDataHelpers.swift */; };
		3AAAA7D728D1E51F00E0DF6B /* CoreDataStore.swift in Sources */ = {isa = PBXBuildFile; fileRef = 3AAAA7D628D1E51F00E0DF6B /* CoreDataStore.swift */; };
		3AAAA7D928D1E54300E0DF6B /* CoreDataTransactionsStore+TransactionsStore.swift in Sources */ = {isa = PBXBuildFile; fileRef = 3AAAA7D828D1E54300E0DF6B /* CoreDataTransactionsStore+TransactionsStore.swift */; };
		3AAAA7DF28D1E66700E0DF6B /* XCTestCase+MemoryLeakTracking.swift in Sources */ = {isa = PBXBuildFile; fileRef = 3AAAA7DE28D1E66700E0DF6B /* XCTestCase+MemoryLeakTracking.swift */; };
		3AAAA7E228D1ED4400E0DF6B /* NSManagedObjectContext+Stub.swift in Sources */ = {isa = PBXBuildFile; fileRef = 3AAAA7E028D1ED2000E0DF6B /* NSManagedObjectContext+Stub.swift */; };
		3AAAA7E528D1ED6300E0DF6B /* SharedTestHelpers.swift in Sources */ = {isa = PBXBuildFile; fileRef = 3AAAA7E428D1ED6300E0DF6B /* SharedTestHelpers.swift */; };
		3AAAA7E928D2013B00E0DF6B /* TransactionsViewModelTests.swift in Sources */ = {isa = PBXBuildFile; fileRef = 3AAAA7E828D2013B00E0DF6B /* TransactionsViewModelTests.swift */; };
		3AAAA7ED28D2189E00E0DF6B /* SharedTransactionsTestHelpers.swift in Sources */ = {isa = PBXBuildFile; fileRef = 3AAAA7EC28D2189E00E0DF6B /* SharedTransactionsTestHelpers.swift */; };
		3AAAA7F028D2D99600E0DF6B /* TransactionsViewModel.swift in Sources */ = {isa = PBXBuildFile; fileRef = 3AAAA7EF28D2D99600E0DF6B /* TransactionsViewModel.swift */; };
		3AAAA84428D3335800E0DF6B /* TransactionViewModelTests.swift in Sources */ = {isa = PBXBuildFile; fileRef = 3AAAA84328D3335800E0DF6B /* TransactionViewModelTests.swift */; };
		3AAAA84628D348FD00E0DF6B /* TransactionViewModel.swift in Sources */ = {isa = PBXBuildFile; fileRef = 3AAAA84528D348FC00E0DF6B /* TransactionViewModel.swift */; };
		3AAAA84928D42BDD00E0DF6B /* NumberFormatterTests.swift in Sources */ = {isa = PBXBuildFile; fileRef = 3AAAA84828D42BDD00E0DF6B /* NumberFormatterTests.swift */; };
		3AAAA84C28D430AB00E0DF6B /* NumberFormatter+Formatters.swift in Sources */ = {isa = PBXBuildFile; fileRef = 3AAAA84B28D430AB00E0DF6B /* NumberFormatter+Formatters.swift */; };
		3AF7167A28F5B520008C4007 /* InvestmentsFrameworksWatchOS.h in Headers */ = {isa = PBXBuildFile; fileRef = 3AF7167928F5B520008C4007 /* InvestmentsFrameworksWatchOS.h */; settings = {ATTRIBUTES = (Public, ); }; };
		3AF7167E28F5B534008C4007 /* CombineHelpers.swift in Sources */ = {isa = PBXBuildFile; fileRef = 3A76494128EBE53F00B810B7 /* CombineHelpers.swift */; };
		3AF7167F28F5B53D008C4007 /* NumberFormatter+Formatters.swift in Sources */ = {isa = PBXBuildFile; fileRef = 3AAAA84B28D430AB00E0DF6B /* NumberFormatter+Formatters.swift */; };
		3AF7168428F5B713008C4007 /* URLSessionHTTPClient.swift in Sources */ = {isa = PBXBuildFile; fileRef = 3A7648F128E309EB00B810B7 /* URLSessionHTTPClient.swift */; };
		3AF7168528F5B716008C4007 /* HTTPClient.swift in Sources */ = {isa = PBXBuildFile; fileRef = 3A7648EE28E309AE00B810B7 /* HTTPClient.swift */; };
		3AF7168828F5B72A008C4007 /* Transaction.swift in Sources */ = {isa = PBXBuildFile; fileRef = 3AAAA7C928D05C3C00E0DF6B /* Transaction.swift */; };
		3AF7168928F5B72D008C4007 /* CurrentPrice.swift in Sources */ = {isa = PBXBuildFile; fileRef = 3A76490028E320ED00B810B7 /* CurrentPrice.swift */; };
		3AF7168A28F5B734008C4007 /* CurrentPriceMapper.swift in Sources */ = {isa = PBXBuildFile; fileRef = 3A76490228E3212500B810B7 /* CurrentPriceMapper.swift */; };
		3AF7168B28F5B734008C4007 /* CurrentPriceEndPoint.swift in Sources */ = {isa = PBXBuildFile; fileRef = 3A76492528E44F1700B810B7 /* CurrentPriceEndPoint.swift */; };
		3AF7168C28F5B73A008C4007 /* CurrentPricesStore.swift in Sources */ = {isa = PBXBuildFile; fileRef = 3A76490D28E41BB400B810B7 /* CurrentPricesStore.swift */; };
		3AF7168F28F5B73E008C4007 /* CurrentPricesViewModel.swift in Sources */ = {isa = PBXBuildFile; fileRef = 3A76492C28E5A45700B810B7 /* CurrentPricesViewModel.swift */; };
		3AF7169528F5B751008C4007 /* PortfolioViewModel.swift in Sources */ = {isa = PBXBuildFile; fileRef = 3A14586B28E1CE9800AD1EF5 /* PortfolioViewModel.swift */; };
		3AF7169928F6C7D3008C4007 /* TransactionsMapperTests.swift in Sources */ = {isa = PBXBuildFile; fileRef = 3AF7169828F6C7D3008C4007 /* TransactionsMapperTests.swift */; };
		3AF7169C28F6C828008C4007 /* TransactionsMapper.swift in Sources */ = {isa = PBXBuildFile; fileRef = 3AF7169B28F6C828008C4007 /* TransactionsMapper.swift */; };
		3AF716A028F6D92C008C4007 /* TransactionsEndPointTests.swift in Sources */ = {isa = PBXBuildFile; fileRef = 3AF7169F28F6D92C008C4007 /* TransactionsEndPointTests.swift */; };
		3AF716A228F6DE56008C4007 /* TransactionsEndPoint.swift in Sources */ = {isa = PBXBuildFile; fileRef = 3AF716A128F6DE56008C4007 /* TransactionsEndPoint.swift */; };
		3AFDED5028FE80E400BFB45F /* TransactionsStore.swift in Sources */ = {isa = PBXBuildFile; fileRef = 3AAAA7C728D054B000E0DF6B /* TransactionsStore.swift */; };
/* End PBXBuildFile section */

/* Begin PBXContainerItemProxy section */
		3A76491D28E437AE00B810B7 /* PBXContainerItemProxy */ = {
			isa = PBXContainerItemProxy;
			containerPortal = 3AAAA7A628D0300A00E0DF6B /* Project object */;
			proxyType = 1;
			remoteGlobalIDString = 3AAAA7AE28D0300A00E0DF6B;
			remoteInfo = InvestmentsFrameworks;
		};
		3AAAA7C228D051D000E0DF6B /* PBXContainerItemProxy */ = {
			isa = PBXContainerItemProxy;
			containerPortal = 3AAAA7A628D0300A00E0DF6B /* Project object */;
			proxyType = 1;
			remoteGlobalIDString = 3AAAA7AE28D0300A00E0DF6B;
			remoteInfo = InvestmentsFrameworks;
		};
/* End PBXContainerItemProxy section */

/* Begin PBXFileReference section */
		3A14586828E1C3DB00AD1EF5 /* PortfolioViewModelTests.swift */ = {isa = PBXFileReference; lastKnownFileType = sourcecode.swift; path = PortfolioViewModelTests.swift; sourceTree = "<group>"; };
		3A14586B28E1CE9800AD1EF5 /* PortfolioViewModel.swift */ = {isa = PBXFileReference; lastKnownFileType = sourcecode.swift; path = PortfolioViewModel.swift; sourceTree = "<group>"; };
		3A69253228FE8EC50095AB2E /* AlertViewModel.swift */ = {isa = PBXFileReference; lastKnownFileType = sourcecode.swift; path = AlertViewModel.swift; sourceTree = "<group>"; };
		3A69253528FE8F070095AB2E /* AlertViewModelTests.swift */ = {isa = PBXFileReference; lastKnownFileType = sourcecode.swift; path = AlertViewModelTests.swift; sourceTree = "<group>"; };
		3A7648E128E1E76700B810B7 /* PortfolioTestHelpers.swift */ = {isa = PBXFileReference; lastKnownFileType = sourcecode.swift; path = PortfolioTestHelpers.swift; sourceTree = "<group>"; };
		3A7648EE28E309AE00B810B7 /* HTTPClient.swift */ = {isa = PBXFileReference; lastKnownFileType = sourcecode.swift; path = HTTPClient.swift; sourceTree = "<group>"; };
		3A7648F128E309EB00B810B7 /* URLSessionHTTPClient.swift */ = {isa = PBXFileReference; lastKnownFileType = sourcecode.swift; path = URLSessionHTTPClient.swift; sourceTree = "<group>"; };
		3A7648F528E30A3E00B810B7 /* URLSessionHTTPClientTests.swift */ = {isa = PBXFileReference; lastKnownFileType = sourcecode.swift; path = URLSessionHTTPClientTests.swift; sourceTree = "<group>"; };
		3A7648F828E30A6A00B810B7 /* URLProtocolStub.swift */ = {isa = PBXFileReference; lastKnownFileType = sourcecode.swift; path = URLProtocolStub.swift; sourceTree = "<group>"; };
		3A7648FC28E3129400B810B7 /* CurrentPriceMapperTests.swift */ = {isa = PBXFileReference; lastKnownFileType = sourcecode.swift; path = CurrentPriceMapperTests.swift; sourceTree = "<group>"; };
		3A76490028E320ED00B810B7 /* CurrentPrice.swift */ = {isa = PBXFileReference; lastKnownFileType = sourcecode.swift; path = CurrentPrice.swift; sourceTree = "<group>"; };
		3A76490228E3212500B810B7 /* CurrentPriceMapper.swift */ = {isa = PBXFileReference; lastKnownFileType = sourcecode.swift; path = CurrentPriceMapper.swift; sourceTree = "<group>"; };
		3A76490828E416F900B810B7 /* CoreDataCurrentPricesStoreTests.swift */ = {isa = PBXFileReference; lastKnownFileType = sourcecode.swift; path = CoreDataCurrentPricesStoreTests.swift; sourceTree = "<group>"; };
		3A76490D28E41BB400B810B7 /* CurrentPricesStore.swift */ = {isa = PBXFileReference; lastKnownFileType = sourcecode.swift; path = CurrentPricesStore.swift; sourceTree = "<group>"; };
		3A76490F28E41C9F00B810B7 /* CoreDataCurrentPricesStore.swift */ = {isa = PBXFileReference; lastKnownFileType = sourcecode.swift; path = CoreDataCurrentPricesStore.swift; sourceTree = "<group>"; };
		3A76491828E437AE00B810B7 /* APIEndToEndTests.xctest */ = {isa = PBXFileReference; explicitFileType = wrapper.cfbundle; includeInIndex = 0; path = APIEndToEndTests.xctest; sourceTree = BUILT_PRODUCTS_DIR; };
		3A76491A28E437AE00B810B7 /* APIEndToEndTests.swift */ = {isa = PBXFileReference; lastKnownFileType = sourcecode.swift; path = APIEndToEndTests.swift; sourceTree = "<group>"; };
		3A76492328E44BE400B810B7 /* CurrentPriceEndPointTests.swift */ = {isa = PBXFileReference; lastKnownFileType = sourcecode.swift; path = CurrentPriceEndPointTests.swift; sourceTree = "<group>"; };
		3A76492528E44F1700B810B7 /* CurrentPriceEndPoint.swift */ = {isa = PBXFileReference; lastKnownFileType = sourcecode.swift; path = CurrentPriceEndPoint.swift; sourceTree = "<group>"; };
		3A76492928E4757900B810B7 /* CurrentPriceViewModelTests.swift */ = {isa = PBXFileReference; lastKnownFileType = sourcecode.swift; path = CurrentPriceViewModelTests.swift; sourceTree = "<group>"; };
		3A76492C28E5A45700B810B7 /* CurrentPricesViewModel.swift */ = {isa = PBXFileReference; lastKnownFileType = sourcecode.swift; path = CurrentPricesViewModel.swift; sourceTree = "<group>"; };
		3A76493028E5D8A000B810B7 /* StoredCurrentPrice.swift */ = {isa = PBXFileReference; lastKnownFileType = sourcecode.swift; path = StoredCurrentPrice.swift; sourceTree = "<group>"; };
		3A76494128EBE53F00B810B7 /* CombineHelpers.swift */ = {isa = PBXFileReference; lastKnownFileType = sourcecode.swift; path = CombineHelpers.swift; sourceTree = "<group>"; };
		3AAAA7AF28D0300A00E0DF6B /* InvestmentsFrameworks.framework */ = {isa = PBXFileReference; explicitFileType = wrapper.framework; includeInIndex = 0; path = InvestmentsFrameworks.framework; sourceTree = BUILT_PRODUCTS_DIR; };
		3AAAA7BD28D051D000E0DF6B /* InvestmentsFrameworksTests.xctest */ = {isa = PBXFileReference; explicitFileType = wrapper.cfbundle; includeInIndex = 0; path = InvestmentsFrameworksTests.xctest; sourceTree = BUILT_PRODUCTS_DIR; };
		3AAAA7BF28D051D000E0DF6B /* CoreDataTransactionsStoreTests.swift */ = {isa = PBXFileReference; lastKnownFileType = sourcecode.swift; path = CoreDataTransactionsStoreTests.swift; sourceTree = "<group>"; };
		3AAAA7C728D054B000E0DF6B /* TransactionsStore.swift */ = {isa = PBXFileReference; lastKnownFileType = sourcecode.swift; path = TransactionsStore.swift; sourceTree = "<group>"; };
		3AAAA7C928D05C3C00E0DF6B /* Transaction.swift */ = {isa = PBXFileReference; lastKnownFileType = sourcecode.swift; path = Transaction.swift; sourceTree = "<group>"; };
		3AAAA7CC28D0B05F00E0DF6B /* TransactionsStore.xcdatamodel */ = {isa = PBXFileReference; lastKnownFileType = wrapper.xcdatamodel; path = TransactionsStore.xcdatamodel; sourceTree = "<group>"; };
		3AAAA7CE28D0B13B00E0DF6B /* StoredTransaction.swift */ = {isa = PBXFileReference; lastKnownFileType = sourcecode.swift; path = StoredTransaction.swift; sourceTree = "<group>"; };
		3AAAA7D028D0B36D00E0DF6B /* CoreDataHelpers.swift */ = {isa = PBXFileReference; lastKnownFileType = sourcecode.swift; path = CoreDataHelpers.swift; sourceTree = "<group>"; };
		3AAAA7D628D1E51F00E0DF6B /* CoreDataStore.swift */ = {isa = PBXFileReference; lastKnownFileType = sourcecode.swift; path = CoreDataStore.swift; sourceTree = "<group>"; };
		3AAAA7D828D1E54300E0DF6B /* CoreDataTransactionsStore+TransactionsStore.swift */ = {isa = PBXFileReference; lastKnownFileType = sourcecode.swift; path = "CoreDataTransactionsStore+TransactionsStore.swift"; sourceTree = "<group>"; };
		3AAAA7DE28D1E66700E0DF6B /* XCTestCase+MemoryLeakTracking.swift */ = {isa = PBXFileReference; lastKnownFileType = sourcecode.swift; path = "XCTestCase+MemoryLeakTracking.swift"; sourceTree = "<group>"; };
		3AAAA7E028D1ED2000E0DF6B /* NSManagedObjectContext+Stub.swift */ = {isa = PBXFileReference; lastKnownFileType = sourcecode.swift; path = "NSManagedObjectContext+Stub.swift"; sourceTree = "<group>"; };
		3AAAA7E428D1ED6300E0DF6B /* SharedTestHelpers.swift */ = {isa = PBXFileReference; lastKnownFileType = sourcecode.swift; path = SharedTestHelpers.swift; sourceTree = "<group>"; };
		3AAAA7E828D2013B00E0DF6B /* TransactionsViewModelTests.swift */ = {isa = PBXFileReference; lastKnownFileType = sourcecode.swift; path = TransactionsViewModelTests.swift; sourceTree = "<group>"; };
		3AAAA7EC28D2189E00E0DF6B /* SharedTransactionsTestHelpers.swift */ = {isa = PBXFileReference; lastKnownFileType = sourcecode.swift; path = SharedTransactionsTestHelpers.swift; sourceTree = "<group>"; };
		3AAAA7EF28D2D99600E0DF6B /* TransactionsViewModel.swift */ = {isa = PBXFileReference; lastKnownFileType = sourcecode.swift; path = TransactionsViewModel.swift; sourceTree = "<group>"; };
		3AAAA84328D3335800E0DF6B /* TransactionViewModelTests.swift */ = {isa = PBXFileReference; lastKnownFileType = sourcecode.swift; path = TransactionViewModelTests.swift; sourceTree = "<group>"; };
		3AAAA84528D348FC00E0DF6B /* TransactionViewModel.swift */ = {isa = PBXFileReference; lastKnownFileType = sourcecode.swift; path = TransactionViewModel.swift; sourceTree = "<group>"; };
		3AAAA84828D42BDD00E0DF6B /* NumberFormatterTests.swift */ = {isa = PBXFileReference; lastKnownFileType = sourcecode.swift; path = NumberFormatterTests.swift; sourceTree = "<group>"; };
		3AAAA84B28D430AB00E0DF6B /* NumberFormatter+Formatters.swift */ = {isa = PBXFileReference; lastKnownFileType = sourcecode.swift; path = "NumberFormatter+Formatters.swift"; sourceTree = "<group>"; };
		3AF7167728F5B520008C4007 /* InvestmentsFrameworksWatchOS.framework */ = {isa = PBXFileReference; explicitFileType = wrapper.framework; includeInIndex = 0; path = InvestmentsFrameworksWatchOS.framework; sourceTree = BUILT_PRODUCTS_DIR; };
		3AF7167928F5B520008C4007 /* InvestmentsFrameworksWatchOS.h */ = {isa = PBXFileReference; lastKnownFileType = sourcecode.c.h; path = InvestmentsFrameworksWatchOS.h; sourceTree = "<group>"; };
		3AF7169828F6C7D3008C4007 /* TransactionsMapperTests.swift */ = {isa = PBXFileReference; lastKnownFileType = sourcecode.swift; path = TransactionsMapperTests.swift; sourceTree = "<group>"; };
		3AF7169B28F6C828008C4007 /* TransactionsMapper.swift */ = {isa = PBXFileReference; lastKnownFileType = sourcecode.swift; path = TransactionsMapper.swift; sourceTree = "<group>"; };
		3AF7169F28F6D92C008C4007 /* TransactionsEndPointTests.swift */ = {isa = PBXFileReference; lastKnownFileType = sourcecode.swift; path = TransactionsEndPointTests.swift; sourceTree = "<group>"; };
		3AF716A128F6DE56008C4007 /* TransactionsEndPoint.swift */ = {isa = PBXFileReference; lastKnownFileType = sourcecode.swift; path = TransactionsEndPoint.swift; sourceTree = "<group>"; };
/* End PBXFileReference section */

/* Begin PBXFrameworksBuildPhase section */
		3A76491528E437AE00B810B7 /* Frameworks */ = {
			isa = PBXFrameworksBuildPhase;
			buildActionMask = 2147483647;
			files = (
				3A76491C28E437AE00B810B7 /* InvestmentsFrameworks.framework in Frameworks */,
			);
			runOnlyForDeploymentPostprocessing = 0;
		};
		3AAAA7AC28D0300A00E0DF6B /* Frameworks */ = {
			isa = PBXFrameworksBuildPhase;
			buildActionMask = 2147483647;
			files = (
			);
			runOnlyForDeploymentPostprocessing = 0;
		};
		3AAAA7BA28D051D000E0DF6B /* Frameworks */ = {
			isa = PBXFrameworksBuildPhase;
			buildActionMask = 2147483647;
			files = (
				3AAAA7C128D051D000E0DF6B /* InvestmentsFrameworks.framework in Frameworks */,
			);
			runOnlyForDeploymentPostprocessing = 0;
		};
		3AF7167428F5B520008C4007 /* Frameworks */ = {
			isa = PBXFrameworksBuildPhase;
			buildActionMask = 2147483647;
			files = (
			);
			runOnlyForDeploymentPostprocessing = 0;
		};
/* End PBXFrameworksBuildPhase section */

/* Begin PBXGroup section */
		3A14586728E1C16700AD1EF5 /* Portfolio */ = {
			isa = PBXGroup;
			children = (
				3A76492E28E5CD3C00B810B7 /* Storage */,
				3A14586E28E1CF6200AD1EF5 /* Presentation */,
			);
			path = Portfolio;
			sourceTree = "<group>";
		};
		3A14586A28E1CE7C00AD1EF5 /* Portfolio */ = {
			isa = PBXGroup;
			children = (
				3A14586D28E1CF5200AD1EF5 /* Presentation */,
			);
			path = Portfolio;
			sourceTree = "<group>";
		};
		3A14586D28E1CF5200AD1EF5 /* Presentation */ = {
			isa = PBXGroup;
			children = (
				3A14586B28E1CE9800AD1EF5 /* PortfolioViewModel.swift */,
			);
			path = Presentation;
			sourceTree = "<group>";
		};
		3A14586E28E1CF6200AD1EF5 /* Presentation */ = {
			isa = PBXGroup;
			children = (
				3A7648E028E1E71200B810B7 /* Helpers */,
				3A14586828E1C3DB00AD1EF5 /* PortfolioViewModelTests.swift */,
			);
			path = Presentation;
			sourceTree = "<group>";
		};
		3A69253128FE8EA20095AB2E /* Presentation */ = {
			isa = PBXGroup;
			children = (
				3A69253228FE8EC50095AB2E /* AlertViewModel.swift */,
			);
			path = Presentation;
			sourceTree = "<group>";
		};
		3A69253428FE8EF30095AB2E /* Presentation */ = {
			isa = PBXGroup;
			children = (
				3A69253528FE8F070095AB2E /* AlertViewModelTests.swift */,
			);
			path = Presentation;
			sourceTree = "<group>";
		};
		3A7648E028E1E71200B810B7 /* Helpers */ = {
			isa = PBXGroup;
			children = (
				3A7648E128E1E76700B810B7 /* PortfolioTestHelpers.swift */,
			);
			path = Helpers;
			sourceTree = "<group>";
		};
		3A7648ED28E3096E00B810B7 /* API */ = {
			isa = PBXGroup;
			children = (
				3A7648F028E309CE00B810B7 /* Infrastructure */,
				3A7648EE28E309AE00B810B7 /* HTTPClient.swift */,
			);
			path = API;
			sourceTree = "<group>";
		};
		3A7648F028E309CE00B810B7 /* Infrastructure */ = {
			isa = PBXGroup;
			children = (
				3A7648F128E309EB00B810B7 /* URLSessionHTTPClient.swift */,
			);
			path = Infrastructure;
			sourceTree = "<group>";
		};
		3A7648F328E30A2200B810B7 /* API */ = {
			isa = PBXGroup;
			children = (
				3A7648F428E30A2700B810B7 /* Infrastructure */,
			);
			path = API;
			sourceTree = "<group>";
		};
		3A7648F428E30A2700B810B7 /* Infrastructure */ = {
			isa = PBXGroup;
			children = (
				3A7648F728E30A6000B810B7 /* Helpers */,
				3A7648F528E30A3E00B810B7 /* URLSessionHTTPClientTests.swift */,
			);
			path = Infrastructure;
			sourceTree = "<group>";
		};
		3A7648F728E30A6000B810B7 /* Helpers */ = {
			isa = PBXGroup;
			children = (
				3A7648F828E30A6A00B810B7 /* URLProtocolStub.swift */,
			);
			path = Helpers;
			sourceTree = "<group>";
		};
		3A7648FA28E3126C00B810B7 /* API */ = {
			isa = PBXGroup;
			children = (
				3A7648FC28E3129400B810B7 /* CurrentPriceMapperTests.swift */,
				3A76492328E44BE400B810B7 /* CurrentPriceEndPointTests.swift */,
			);
			path = API;
			sourceTree = "<group>";
		};
		3A7648FB28E3127100B810B7 /* CurrentPrice */ = {
			isa = PBXGroup;
			children = (
				3A7648FA28E3126C00B810B7 /* API */,
				3A76490428E3329F00B810B7 /* Storage */,
				3A76492828E4755E00B810B7 /* Presentation */,
			);
			path = CurrentPrice;
			sourceTree = "<group>";
		};
		3A7648FE28E320BA00B810B7 /* API */ = {
			isa = PBXGroup;
			children = (
				3A76490228E3212500B810B7 /* CurrentPriceMapper.swift */,
				3A76492528E44F1700B810B7 /* CurrentPriceEndPoint.swift */,
			);
			path = API;
			sourceTree = "<group>";
		};
		3A7648FF28E320CA00B810B7 /* CurrentPrice */ = {
			isa = PBXGroup;
			children = (
				3A7648FE28E320BA00B810B7 /* API */,
				3A76490A28E41B8500B810B7 /* Storage */,
				3A76492B28E5A44600B810B7 /* Presentation */,
			);
			path = CurrentPrice;
			sourceTree = "<group>";
		};
		3A76490428E3329F00B810B7 /* Storage */ = {
			isa = PBXGroup;
			children = (
				3A76490728E416CF00B810B7 /* Infrastructure */,
			);
			path = Storage;
			sourceTree = "<group>";
		};
		3A76490728E416CF00B810B7 /* Infrastructure */ = {
			isa = PBXGroup;
			children = (
				3A76490828E416F900B810B7 /* CoreDataCurrentPricesStoreTests.swift */,
			);
			path = Infrastructure;
			sourceTree = "<group>";
		};
		3A76490A28E41B8500B810B7 /* Storage */ = {
			isa = PBXGroup;
			children = (
				3A76490B28E41B8D00B810B7 /* Infrastructure */,
				3A76490D28E41BB400B810B7 /* CurrentPricesStore.swift */,
			);
			path = Storage;
			sourceTree = "<group>";
		};
		3A76490B28E41B8D00B810B7 /* Infrastructure */ = {
			isa = PBXGroup;
			children = (
				3A76490F28E41C9F00B810B7 /* CoreDataCurrentPricesStore.swift */,
				3A76493028E5D8A000B810B7 /* StoredCurrentPrice.swift */,
			);
			path = Infrastructure;
			sourceTree = "<group>";
		};
		3A76491128E422BD00B810B7 /* Storage */ = {
			isa = PBXGroup;
			children = (
				3A76491228E422D500B810B7 /* Infrastructure */,
			);
			path = Storage;
			sourceTree = "<group>";
		};
		3A76491228E422D500B810B7 /* Infrastructure */ = {
			isa = PBXGroup;
			children = (
				3AAAA7D528D1E4E300E0DF6B /* Helpers */,
				3AAAA7D628D1E51F00E0DF6B /* CoreDataStore.swift */,
				3AAAA7CB28D0B05F00E0DF6B /* TransactionsStore.xcdatamodeld */,
			);
			path = Infrastructure;
			sourceTree = "<group>";
		};
		3A76491328E4230400B810B7 /* Feature */ = {
			isa = PBXGroup;
			children = (
				3AAAA7C928D05C3C00E0DF6B /* Transaction.swift */,
				3A76490028E320ED00B810B7 /* CurrentPrice.swift */,
			);
			path = Feature;
			sourceTree = "<group>";
		};
		3A76491928E437AE00B810B7 /* APIEndToEndTests */ = {
			isa = PBXGroup;
			children = (
				3A76491A28E437AE00B810B7 /* APIEndToEndTests.swift */,
			);
			path = APIEndToEndTests;
			sourceTree = "<group>";
		};
		3A76492828E4755E00B810B7 /* Presentation */ = {
			isa = PBXGroup;
			children = (
				3A76492928E4757900B810B7 /* CurrentPriceViewModelTests.swift */,
			);
			path = Presentation;
			sourceTree = "<group>";
		};
		3A76492B28E5A44600B810B7 /* Presentation */ = {
			isa = PBXGroup;
			children = (
				3A76492C28E5A45700B810B7 /* CurrentPricesViewModel.swift */,
			);
			path = Presentation;
			sourceTree = "<group>";
		};
		3A76492E28E5CD3C00B810B7 /* Storage */ = {
			isa = PBXGroup;
			children = (
				3A76492F28E5CD4200B810B7 /* Infrastructure */,
			);
			path = Storage;
			sourceTree = "<group>";
		};
		3A76492F28E5CD4200B810B7 /* Infrastructure */ = {
			isa = PBXGroup;
			children = (
			);
			path = Infrastructure;
			sourceTree = "<group>";
		};
		3AAAA7A528D0300A00E0DF6B = {
			isa = PBXGroup;
			children = (
				3AAAA7B128D0300A00E0DF6B /* InvestmentsFrameworks */,
				3AAAA7BE28D051D000E0DF6B /* InvestmentsFrameworksTests */,
				3A76491928E437AE00B810B7 /* APIEndToEndTests */,
				3AF7167828F5B520008C4007 /* InvestmentsFrameworksWatchOS */,
				3AAAA7B028D0300A00E0DF6B /* Products */,
			);
			sourceTree = "<group>";
		};
		3AAAA7B028D0300A00E0DF6B /* Products */ = {
			isa = PBXGroup;
			children = (
				3AAAA7AF28D0300A00E0DF6B /* InvestmentsFrameworks.framework */,
				3AAAA7BD28D051D000E0DF6B /* InvestmentsFrameworksTests.xctest */,
				3A76491828E437AE00B810B7 /* APIEndToEndTests.xctest */,
				3AF7167728F5B520008C4007 /* InvestmentsFrameworksWatchOS.framework */,
			);
			name = Products;
			sourceTree = "<group>";
		};
		3AAAA7B128D0300A00E0DF6B /* InvestmentsFrameworks */ = {
			isa = PBXGroup;
			children = (
				3AAAA7DA28D1E5A300E0DF6B /* Shared */,
				3A7648FF28E320CA00B810B7 /* CurrentPrice */,
				3AAAA7D328D1E4B900E0DF6B /* Transactions */,
				3A14586A28E1CE7C00AD1EF5 /* Portfolio */,
			);
			path = InvestmentsFrameworks;
			sourceTree = "<group>";
		};
		3AAAA7BE28D051D000E0DF6B /* InvestmentsFrameworksTests */ = {
			isa = PBXGroup;
			children = (
				3AAAA7DD28D1E64C00E0DF6B /* Helpers */,
				3AAAA84728D42BC100E0DF6B /* Shared */,
				3A7648FB28E3127100B810B7 /* CurrentPrice */,
				3AAAA7E628D200C300E0DF6B /* Transactions */,
				3A14586728E1C16700AD1EF5 /* Portfolio */,
			);
			path = InvestmentsFrameworksTests;
			sourceTree = "<group>";
		};
		3AAAA7D228D1E4AD00E0DF6B /* Storage */ = {
			isa = PBXGroup;
			children = (
				3AAAA7D428D1E4CF00E0DF6B /* Infastructure */,
				3AAAA7C728D054B000E0DF6B /* TransactionsStore.swift */,
			);
			path = Storage;
			sourceTree = "<group>";
		};
		3AAAA7D328D1E4B900E0DF6B /* Transactions */ = {
			isa = PBXGroup;
			children = (
				3AF7169A28F6C819008C4007 /* API */,
				3AAAA7D228D1E4AD00E0DF6B /* Storage */,
				3AAAA7EE28D2D98500E0DF6B /* Presentation */,
			);
			path = Transactions;
			sourceTree = "<group>";
		};
		3AAAA7D428D1E4CF00E0DF6B /* Infastructure */ = {
			isa = PBXGroup;
			children = (
				3AAAA7D828D1E54300E0DF6B /* CoreDataTransactionsStore+TransactionsStore.swift */,
				3AAAA7CE28D0B13B00E0DF6B /* StoredTransaction.swift */,
			);
			path = Infastructure;
			sourceTree = "<group>";
		};
		3AAAA7D528D1E4E300E0DF6B /* Helpers */ = {
			isa = PBXGroup;
			children = (
				3AAAA7D028D0B36D00E0DF6B /* CoreDataHelpers.swift */,
			);
			path = Helpers;
			sourceTree = "<group>";
		};
		3AAAA7DA28D1E5A300E0DF6B /* Shared */ = {
			isa = PBXGroup;
			children = (
				3AAAA84A28D4307A00E0DF6B /* Helpers */,
				3A7648ED28E3096E00B810B7 /* API */,
				3A76491128E422BD00B810B7 /* Storage */,
				3A76491328E4230400B810B7 /* Feature */,
				3A69253128FE8EA20095AB2E /* Presentation */,
			);
			path = Shared;
			sourceTree = "<group>";
		};
		3AAAA7DB28D1E5AE00E0DF6B /* Storage */ = {
			isa = PBXGroup;
			children = (
				3AAAA7DC28D1E5B500E0DF6B /* Infrastructure */,
			);
			path = Storage;
			sourceTree = "<group>";
		};
		3AAAA7DC28D1E5B500E0DF6B /* Infrastructure */ = {
			isa = PBXGroup;
			children = (
				3AAAA7E328D1ED5100E0DF6B /* Helpers */,
				3AAAA7BF28D051D000E0DF6B /* CoreDataTransactionsStoreTests.swift */,
			);
			path = Infrastructure;
			sourceTree = "<group>";
		};
		3AAAA7DD28D1E64C00E0DF6B /* Helpers */ = {
			isa = PBXGroup;
			children = (
				3AAAA7DE28D1E66700E0DF6B /* XCTestCase+MemoryLeakTracking.swift */,
				3AAAA7E428D1ED6300E0DF6B /* SharedTestHelpers.swift */,
			);
			path = Helpers;
			sourceTree = "<group>";
		};
		3AAAA7E328D1ED5100E0DF6B /* Helpers */ = {
			isa = PBXGroup;
			children = (
				3AAAA7E028D1ED2000E0DF6B /* NSManagedObjectContext+Stub.swift */,
			);
			path = Helpers;
			sourceTree = "<group>";
		};
		3AAAA7E628D200C300E0DF6B /* Transactions */ = {
			isa = PBXGroup;
			children = (
				3AF7169728F6C7B1008C4007 /* API */,
				3AAAA7EB28D2188900E0DF6B /* Helpers */,
				3AAAA7DB28D1E5AE00E0DF6B /* Storage */,
				3AAAA7E728D2012800E0DF6B /* Presentation */,
			);
			path = Transactions;
			sourceTree = "<group>";
		};
		3AAAA7E728D2012800E0DF6B /* Presentation */ = {
			isa = PBXGroup;
			children = (
				3AAAA7E828D2013B00E0DF6B /* TransactionsViewModelTests.swift */,
				3AAAA84328D3335800E0DF6B /* TransactionViewModelTests.swift */,
			);
			path = Presentation;
			sourceTree = "<group>";
		};
		3AAAA7EB28D2188900E0DF6B /* Helpers */ = {
			isa = PBXGroup;
			children = (
				3AAAA7EC28D2189E00E0DF6B /* SharedTransactionsTestHelpers.swift */,
			);
			path = Helpers;
			sourceTree = "<group>";
		};
		3AAAA7EE28D2D98500E0DF6B /* Presentation */ = {
			isa = PBXGroup;
			children = (
				3AAAA7EF28D2D99600E0DF6B /* TransactionsViewModel.swift */,
				3AAAA84528D348FC00E0DF6B /* TransactionViewModel.swift */,
			);
			path = Presentation;
			sourceTree = "<group>";
		};
		3AAAA84728D42BC100E0DF6B /* Shared */ = {
			isa = PBXGroup;
			children = (
				3A7648F328E30A2200B810B7 /* API */,
				3A69253428FE8EF30095AB2E /* Presentation */,
				3AAAA84828D42BDD00E0DF6B /* NumberFormatterTests.swift */,
			);
			path = Shared;
			sourceTree = "<group>";
		};
		3AAAA84A28D4307A00E0DF6B /* Helpers */ = {
			isa = PBXGroup;
			children = (
				3A76494128EBE53F00B810B7 /* CombineHelpers.swift */,
				3AAAA84B28D430AB00E0DF6B /* NumberFormatter+Formatters.swift */,
			);
			path = Helpers;
			sourceTree = "<group>";
		};
		3AF7167828F5B520008C4007 /* InvestmentsFrameworksWatchOS */ = {
			isa = PBXGroup;
			children = (
				3AF7167928F5B520008C4007 /* InvestmentsFrameworksWatchOS.h */,
			);
			path = InvestmentsFrameworksWatchOS;
			sourceTree = "<group>";
		};
		3AF7169728F6C7B1008C4007 /* API */ = {
			isa = PBXGroup;
			children = (
				3AF7169828F6C7D3008C4007 /* TransactionsMapperTests.swift */,
				3AF7169F28F6D92C008C4007 /* TransactionsEndPointTests.swift */,
			);
			path = API;
			sourceTree = "<group>";
		};
		3AF7169A28F6C819008C4007 /* API */ = {
			isa = PBXGroup;
			children = (
				3AF7169B28F6C828008C4007 /* TransactionsMapper.swift */,
				3AF716A128F6DE56008C4007 /* TransactionsEndPoint.swift */,
			);
			path = API;
			sourceTree = "<group>";
		};
/* End PBXGroup section */

/* Begin PBXHeadersBuildPhase section */
		3AAAA7AA28D0300A00E0DF6B /* Headers */ = {
			isa = PBXHeadersBuildPhase;
			buildActionMask = 2147483647;
			files = (
			);
			runOnlyForDeploymentPostprocessing = 0;
		};
		3AF7167228F5B520008C4007 /* Headers */ = {
			isa = PBXHeadersBuildPhase;
			buildActionMask = 2147483647;
			files = (
				3AF7167A28F5B520008C4007 /* InvestmentsFrameworksWatchOS.h in Headers */,
			);
			runOnlyForDeploymentPostprocessing = 0;
		};
/* End PBXHeadersBuildPhase section */

/* Begin PBXNativeTarget section */
		3A76491728E437AE00B810B7 /* APIEndToEndTests */ = {
			isa = PBXNativeTarget;
			buildConfigurationList = 3A76491F28E437AE00B810B7 /* Build configuration list for PBXNativeTarget "APIEndToEndTests" */;
			buildPhases = (
				3A76491428E437AE00B810B7 /* Sources */,
				3A76491528E437AE00B810B7 /* Frameworks */,
				3A76491628E437AE00B810B7 /* Resources */,
			);
			buildRules = (
			);
			dependencies = (
				3A76491E28E437AE00B810B7 /* PBXTargetDependency */,
			);
			name = APIEndToEndTests;
			productName = APIEndToEndTests;
			productReference = 3A76491828E437AE00B810B7 /* APIEndToEndTests.xctest */;
			productType = "com.apple.product-type.bundle.unit-test";
		};
		3AAAA7AE28D0300A00E0DF6B /* InvestmentsFrameworks */ = {
			isa = PBXNativeTarget;
			buildConfigurationList = 3AAAA7B628D0300A00E0DF6B /* Build configuration list for PBXNativeTarget "InvestmentsFrameworks" */;
			buildPhases = (
				3AAAA7AA28D0300A00E0DF6B /* Headers */,
				3AAAA7AB28D0300A00E0DF6B /* Sources */,
				3AAAA7AC28D0300A00E0DF6B /* Frameworks */,
				3AAAA7AD28D0300A00E0DF6B /* Resources */,
			);
			buildRules = (
			);
			dependencies = (
			);
			name = InvestmentsFrameworks;
			productName = InvestmentsFrameworks;
			productReference = 3AAAA7AF28D0300A00E0DF6B /* InvestmentsFrameworks.framework */;
			productType = "com.apple.product-type.framework";
		};
		3AAAA7BC28D051D000E0DF6B /* InvestmentsFrameworksTests */ = {
			isa = PBXNativeTarget;
			buildConfigurationList = 3AAAA7C428D051D000E0DF6B /* Build configuration list for PBXNativeTarget "InvestmentsFrameworksTests" */;
			buildPhases = (
				3AAAA7B928D051D000E0DF6B /* Sources */,
				3AAAA7BA28D051D000E0DF6B /* Frameworks */,
				3AAAA7BB28D051D000E0DF6B /* Resources */,
			);
			buildRules = (
			);
			dependencies = (
				3AAAA7C328D051D000E0DF6B /* PBXTargetDependency */,
			);
			name = InvestmentsFrameworksTests;
			productName = InvestmentsFrameworksTests;
			productReference = 3AAAA7BD28D051D000E0DF6B /* InvestmentsFrameworksTests.xctest */;
			productType = "com.apple.product-type.bundle.unit-test";
		};
		3AF7167628F5B520008C4007 /* InvestmentsFrameworksWatchOS */ = {
			isa = PBXNativeTarget;
			buildConfigurationList = 3AF7167B28F5B520008C4007 /* Build configuration list for PBXNativeTarget "InvestmentsFrameworksWatchOS" */;
			buildPhases = (
				3AF7167228F5B520008C4007 /* Headers */,
				3AF7167328F5B520008C4007 /* Sources */,
				3AF7167428F5B520008C4007 /* Frameworks */,
				3AF7167528F5B520008C4007 /* Resources */,
			);
			buildRules = (
			);
			dependencies = (
			);
			name = InvestmentsFrameworksWatchOS;
			productName = InvestmentsFrameworksWatchOS;
			productReference = 3AF7167728F5B520008C4007 /* InvestmentsFrameworksWatchOS.framework */;
			productType = "com.apple.product-type.framework";
		};
/* End PBXNativeTarget section */

/* Begin PBXProject section */
		3AAAA7A628D0300A00E0DF6B /* Project object */ = {
			isa = PBXProject;
			attributes = {
				BuildIndependentTargetsInParallel = 1;
				LastSwiftUpdateCheck = 1340;
				LastUpgradeCheck = 1340;
				TargetAttributes = {
					3A76491728E437AE00B810B7 = {
						CreatedOnToolsVersion = 13.4;
					};
					3AAAA7AE28D0300A00E0DF6B = {
						CreatedOnToolsVersion = 13.4;
						LastSwiftMigration = 1340;
					};
					3AAAA7BC28D051D000E0DF6B = {
						CreatedOnToolsVersion = 13.4;
					};
					3AF7167628F5B520008C4007 = {
						CreatedOnToolsVersion = 13.4;
					};
				};
			};
			buildConfigurationList = 3AAAA7A928D0300A00E0DF6B /* Build configuration list for PBXProject "InvestmentsFrameworks" */;
			compatibilityVersion = "Xcode 13.0";
			developmentRegion = en;
			hasScannedForEncodings = 0;
			knownRegions = (
				en,
				Base,
			);
			mainGroup = 3AAAA7A528D0300A00E0DF6B;
			productRefGroup = 3AAAA7B028D0300A00E0DF6B /* Products */;
			projectDirPath = "";
			projectRoot = "";
			targets = (
				3AAAA7AE28D0300A00E0DF6B /* InvestmentsFrameworks */,
				3AAAA7BC28D051D000E0DF6B /* InvestmentsFrameworksTests */,
				3A76491728E437AE00B810B7 /* APIEndToEndTests */,
				3AF7167628F5B520008C4007 /* InvestmentsFrameworksWatchOS */,
			);
		};
/* End PBXProject section */

/* Begin PBXResourcesBuildPhase section */
		3A76491628E437AE00B810B7 /* Resources */ = {
			isa = PBXResourcesBuildPhase;
			buildActionMask = 2147483647;
			files = (
			);
			runOnlyForDeploymentPostprocessing = 0;
		};
		3AAAA7AD28D0300A00E0DF6B /* Resources */ = {
			isa = PBXResourcesBuildPhase;
			buildActionMask = 2147483647;
			files = (
			);
			runOnlyForDeploymentPostprocessing = 0;
		};
		3AAAA7BB28D051D000E0DF6B /* Resources */ = {
			isa = PBXResourcesBuildPhase;
			buildActionMask = 2147483647;
			files = (
			);
			runOnlyForDeploymentPostprocessing = 0;
		};
		3AF7167528F5B520008C4007 /* Resources */ = {
			isa = PBXResourcesBuildPhase;
			buildActionMask = 2147483647;
			files = (
			);
			runOnlyForDeploymentPostprocessing = 0;
		};
/* End PBXResourcesBuildPhase section */

/* Begin PBXSourcesBuildPhase section */
		3A76491428E437AE00B810B7 /* Sources */ = {
			isa = PBXSourcesBuildPhase;
			buildActionMask = 2147483647;
			files = (
				3A76491B28E437AE00B810B7 /* APIEndToEndTests.swift in Sources */,
				3A76492228E438A200B810B7 /* XCTestCase+MemoryLeakTracking.swift in Sources */,
			);
			runOnlyForDeploymentPostprocessing = 0;
		};
		3AAAA7AB28D0300A00E0DF6B /* Sources */ = {
			isa = PBXSourcesBuildPhase;
			buildActionMask = 2147483647;
			files = (
				3A76491028E41C9F00B810B7 /* CoreDataCurrentPricesStore.swift in Sources */,
				3AAAA7D128D0B36D00E0DF6B /* CoreDataHelpers.swift in Sources */,
				3A76494228EBE54000B810B7 /* CombineHelpers.swift in Sources */,
				3A69253328FE8EC50095AB2E /* AlertViewModel.swift in Sources */,
				3AAAA7D728D1E51F00E0DF6B /* CoreDataStore.swift in Sources */,
				3A7648EF28E309AE00B810B7 /* HTTPClient.swift in Sources */,
				3A76490128E320ED00B810B7 /* CurrentPrice.swift in Sources */,
				3AAAA84628D348FD00E0DF6B /* TransactionViewModel.swift in Sources */,
				3AAAA7D928D1E54300E0DF6B /* CoreDataTransactionsStore+TransactionsStore.swift in Sources */,
				3AAAA7F028D2D99600E0DF6B /* TransactionsViewModel.swift in Sources */,
				3A7648F228E309EB00B810B7 /* URLSessionHTTPClient.swift in Sources */,
				3AAAA7CA28D05C3C00E0DF6B /* Transaction.swift in Sources */,
				3A76490E28E41BB400B810B7 /* CurrentPricesStore.swift in Sources */,
				3AAAA84C28D430AB00E0DF6B /* NumberFormatter+Formatters.swift in Sources */,
				3AAAA7CF28D0B13B00E0DF6B /* StoredTransaction.swift in Sources */,
				3AAAA7C828D054B000E0DF6B /* TransactionsStore.swift in Sources */,
				3A76492628E44F1700B810B7 /* CurrentPriceEndPoint.swift in Sources */,
				3AAAA7CD28D0B05F00E0DF6B /* TransactionsStore.xcdatamodeld in Sources */,
				3A76490328E3212500B810B7 /* CurrentPriceMapper.swift in Sources */,
				3A14586C28E1CE9800AD1EF5 /* PortfolioViewModel.swift in Sources */,
				3AF716A228F6DE56008C4007 /* TransactionsEndPoint.swift in Sources */,
				3AF7169C28F6C828008C4007 /* TransactionsMapper.swift in Sources */,
				3A76493128E5D8A000B810B7 /* StoredCurrentPrice.swift in Sources */,
				3A76492D28E5A45700B810B7 /* CurrentPricesViewModel.swift in Sources */,
			);
			runOnlyForDeploymentPostprocessing = 0;
		};
		3AAAA7B928D051D000E0DF6B /* Sources */ = {
			isa = PBXSourcesBuildPhase;
			buildActionMask = 2147483647;
			files = (
				3A76492A28E4757900B810B7 /* CurrentPriceViewModelTests.swift in Sources */,
				3AF716A028F6D92C008C4007 /* TransactionsEndPointTests.swift in Sources */,
				3AAAA7E928D2013B00E0DF6B /* TransactionsViewModelTests.swift in Sources */,
				3AAAA84928D42BDD00E0DF6B /* NumberFormatterTests.swift in Sources */,
				3AAAA7E528D1ED6300E0DF6B /* SharedTestHelpers.swift in Sources */,
				3A76492428E44BE400B810B7 /* CurrentPriceEndPointTests.swift in Sources */,
				3AAAA7C028D051D000E0DF6B /* CoreDataTransactionsStoreTests.swift in Sources */,
				3A7648F628E30A3E00B810B7 /* URLSessionHTTPClientTests.swift in Sources */,
				3AAAA84428D3335800E0DF6B /* TransactionViewModelTests.swift in Sources */,
				3A69253628FE8F070095AB2E /* AlertViewModelTests.swift in Sources */,
				3AAAA7ED28D2189E00E0DF6B /* SharedTransactionsTestHelpers.swift in Sources */,
				3A7648F928E30A6A00B810B7 /* URLProtocolStub.swift in Sources */,
				3AF7169928F6C7D3008C4007 /* TransactionsMapperTests.swift in Sources */,
				3AAAA7DF28D1E66700E0DF6B /* XCTestCase+MemoryLeakTracking.swift in Sources */,
				3AAAA7E228D1ED4400E0DF6B /* NSManagedObjectContext+Stub.swift in Sources */,
				3A7648E228E1E76700B810B7 /* PortfolioTestHelpers.swift in Sources */,
				3A14586928E1C3DB00AD1EF5 /* PortfolioViewModelTests.swift in Sources */,
				3A76490928E416F900B810B7 /* CoreDataCurrentPricesStoreTests.swift in Sources */,
				3A7648FD28E3129400B810B7 /* CurrentPriceMapperTests.swift in Sources */,
			);
			runOnlyForDeploymentPostprocessing = 0;
		};
		3AF7167328F5B520008C4007 /* Sources */ = {
			isa = PBXSourcesBuildPhase;
			buildActionMask = 2147483647;
			files = (
				3AF7168828F5B72A008C4007 /* Transaction.swift in Sources */,
				3A38BFD528FA870E00427B59 /* TransactionsMapper.swift in Sources */,
				3AF7168928F5B72D008C4007 /* CurrentPrice.swift in Sources */,
				3AF7168F28F5B73E008C4007 /* CurrentPricesViewModel.swift in Sources */,
				3AF7169528F5B751008C4007 /* PortfolioViewModel.swift in Sources */,
				3AF7167F28F5B53D008C4007 /* NumberFormatter+Formatters.swift in Sources */,
				3AFDED5028FE80E400BFB45F /* TransactionsStore.swift in Sources */,
				3AF7168C28F5B73A008C4007 /* CurrentPricesStore.swift in Sources */,
				3AF7167E28F5B534008C4007 /* CombineHelpers.swift in Sources */,
				3AF7168528F5B716008C4007 /* HTTPClient.swift in Sources */,
				3A38BFD628FA871200427B59 /* TransactionsEndPoint.swift in Sources */,
				3AF7168A28F5B734008C4007 /* CurrentPriceMapper.swift in Sources */,
				3AF7168B28F5B734008C4007 /* CurrentPriceEndPoint.swift in Sources */,
				3AF7168428F5B713008C4007 /* URLSessionHTTPClient.swift in Sources */,
			);
			runOnlyForDeploymentPostprocessing = 0;
		};
/* End PBXSourcesBuildPhase section */

/* Begin PBXTargetDependency section */
		3A76491E28E437AE00B810B7 /* PBXTargetDependency */ = {
			isa = PBXTargetDependency;
			platformFilter = ios;
			target = 3AAAA7AE28D0300A00E0DF6B /* InvestmentsFrameworks */;
			targetProxy = 3A76491D28E437AE00B810B7 /* PBXContainerItemProxy */;
		};
		3AAAA7C328D051D000E0DF6B /* PBXTargetDependency */ = {
			isa = PBXTargetDependency;
			target = 3AAAA7AE28D0300A00E0DF6B /* InvestmentsFrameworks */;
			targetProxy = 3AAAA7C228D051D000E0DF6B /* PBXContainerItemProxy */;
		};
/* End PBXTargetDependency section */

/* Begin XCBuildConfiguration section */
		3A76492028E437AE00B810B7 /* Debug */ = {
			isa = XCBuildConfiguration;
			buildSettings = {
				CODE_SIGN_STYLE = Automatic;
				CURRENT_PROJECT_VERSION = 1;
				DEVELOPMENT_TEAM = 836WWF38RW;
				GENERATE_INFOPLIST_FILE = YES;
				MACOSX_DEPLOYMENT_TARGET = 12.3;
				MARKETING_VERSION = 1.0;
				PRODUCT_BUNDLE_IDENTIFIER = "Lev-Litvak.APIEndToEndTests";
				PRODUCT_NAME = "$(TARGET_NAME)";
				SUPPORTED_PLATFORMS = "macosx iphonesimulator iphoneos";
				SWIFT_EMIT_LOC_STRINGS = NO;
				SWIFT_VERSION = 5.0;
			};
			name = Debug;
		};
		3A76492128E437AE00B810B7 /* Release */ = {
			isa = XCBuildConfiguration;
			buildSettings = {
				CODE_SIGN_STYLE = Automatic;
				CURRENT_PROJECT_VERSION = 1;
				DEVELOPMENT_TEAM = 836WWF38RW;
				GENERATE_INFOPLIST_FILE = YES;
				MACOSX_DEPLOYMENT_TARGET = 12.3;
				MARKETING_VERSION = 1.0;
				PRODUCT_BUNDLE_IDENTIFIER = "Lev-Litvak.APIEndToEndTests";
				PRODUCT_NAME = "$(TARGET_NAME)";
				SUPPORTED_PLATFORMS = "macosx iphonesimulator iphoneos";
				SWIFT_EMIT_LOC_STRINGS = NO;
				SWIFT_VERSION = 5.0;
			};
			name = Release;
		};
		3AAAA7B428D0300A00E0DF6B /* Debug */ = {
			isa = XCBuildConfiguration;
			buildSettings = {
				ALWAYS_SEARCH_USER_PATHS = NO;
				CLANG_ANALYZER_NONNULL = YES;
				CLANG_ANALYZER_NUMBER_OBJECT_CONVERSION = YES_AGGRESSIVE;
				CLANG_CXX_LANGUAGE_STANDARD = "gnu++17";
				CLANG_ENABLE_MODULES = YES;
				CLANG_ENABLE_OBJC_ARC = YES;
				CLANG_ENABLE_OBJC_WEAK = YES;
				CLANG_WARN_BLOCK_CAPTURE_AUTORELEASING = YES;
				CLANG_WARN_BOOL_CONVERSION = YES;
				CLANG_WARN_COMMA = YES;
				CLANG_WARN_CONSTANT_CONVERSION = YES;
				CLANG_WARN_DEPRECATED_OBJC_IMPLEMENTATIONS = YES;
				CLANG_WARN_DIRECT_OBJC_ISA_USAGE = YES_ERROR;
				CLANG_WARN_DOCUMENTATION_COMMENTS = YES;
				CLANG_WARN_EMPTY_BODY = YES;
				CLANG_WARN_ENUM_CONVERSION = YES;
				CLANG_WARN_INFINITE_RECURSION = YES;
				CLANG_WARN_INT_CONVERSION = YES;
				CLANG_WARN_NON_LITERAL_NULL_CONVERSION = YES;
				CLANG_WARN_OBJC_IMPLICIT_RETAIN_SELF = YES;
				CLANG_WARN_OBJC_LITERAL_CONVERSION = YES;
				CLANG_WARN_OBJC_ROOT_CLASS = YES_ERROR;
				CLANG_WARN_QUOTED_INCLUDE_IN_FRAMEWORK_HEADER = YES;
				CLANG_WARN_RANGE_LOOP_ANALYSIS = YES;
				CLANG_WARN_STRICT_PROTOTYPES = YES;
				CLANG_WARN_SUSPICIOUS_MOVE = YES;
				CLANG_WARN_UNGUARDED_AVAILABILITY = YES_AGGRESSIVE;
				CLANG_WARN_UNREACHABLE_CODE = YES;
				CLANG_WARN__DUPLICATE_METHOD_MATCH = YES;
				COPY_PHASE_STRIP = NO;
				CURRENT_PROJECT_VERSION = 1;
				DEBUG_INFORMATION_FORMAT = dwarf;
				ENABLE_STRICT_OBJC_MSGSEND = YES;
				ENABLE_TESTABILITY = YES;
				GCC_C_LANGUAGE_STANDARD = gnu11;
				GCC_DYNAMIC_NO_PIC = NO;
				GCC_NO_COMMON_BLOCKS = YES;
				GCC_OPTIMIZATION_LEVEL = 0;
				GCC_PREPROCESSOR_DEFINITIONS = (
					"DEBUG=1",
					"$(inherited)",
				);
				GCC_WARN_64_TO_32_BIT_CONVERSION = YES;
				GCC_WARN_ABOUT_RETURN_TYPE = YES_ERROR;
				GCC_WARN_UNDECLARED_SELECTOR = YES;
				GCC_WARN_UNINITIALIZED_AUTOS = YES_AGGRESSIVE;
				GCC_WARN_UNUSED_FUNCTION = YES;
				GCC_WARN_UNUSED_VARIABLE = YES;
				IPHONEOS_DEPLOYMENT_TARGET = 15.1;
				MACOSX_DEPLOYMENT_TARGET = 11.3;
				MTL_ENABLE_DEBUG_INFO = INCLUDE_SOURCE;
				MTL_FAST_MATH = YES;
				ONLY_ACTIVE_ARCH = YES;
				SDKROOT = macosx;
				SWIFT_ACTIVE_COMPILATION_CONDITIONS = DEBUG;
				SWIFT_OPTIMIZATION_LEVEL = "-Onone";
				VERSIONING_SYSTEM = "apple-generic";
				VERSION_INFO_PREFIX = "";
			};
			name = Debug;
		};
		3AAAA7B528D0300A00E0DF6B /* Release */ = {
			isa = XCBuildConfiguration;
			buildSettings = {
				ALWAYS_SEARCH_USER_PATHS = NO;
				CLANG_ANALYZER_NONNULL = YES;
				CLANG_ANALYZER_NUMBER_OBJECT_CONVERSION = YES_AGGRESSIVE;
				CLANG_CXX_LANGUAGE_STANDARD = "gnu++17";
				CLANG_ENABLE_MODULES = YES;
				CLANG_ENABLE_OBJC_ARC = YES;
				CLANG_ENABLE_OBJC_WEAK = YES;
				CLANG_WARN_BLOCK_CAPTURE_AUTORELEASING = YES;
				CLANG_WARN_BOOL_CONVERSION = YES;
				CLANG_WARN_COMMA = YES;
				CLANG_WARN_CONSTANT_CONVERSION = YES;
				CLANG_WARN_DEPRECATED_OBJC_IMPLEMENTATIONS = YES;
				CLANG_WARN_DIRECT_OBJC_ISA_USAGE = YES_ERROR;
				CLANG_WARN_DOCUMENTATION_COMMENTS = YES;
				CLANG_WARN_EMPTY_BODY = YES;
				CLANG_WARN_ENUM_CONVERSION = YES;
				CLANG_WARN_INFINITE_RECURSION = YES;
				CLANG_WARN_INT_CONVERSION = YES;
				CLANG_WARN_NON_LITERAL_NULL_CONVERSION = YES;
				CLANG_WARN_OBJC_IMPLICIT_RETAIN_SELF = YES;
				CLANG_WARN_OBJC_LITERAL_CONVERSION = YES;
				CLANG_WARN_OBJC_ROOT_CLASS = YES_ERROR;
				CLANG_WARN_QUOTED_INCLUDE_IN_FRAMEWORK_HEADER = YES;
				CLANG_WARN_RANGE_LOOP_ANALYSIS = YES;
				CLANG_WARN_STRICT_PROTOTYPES = YES;
				CLANG_WARN_SUSPICIOUS_MOVE = YES;
				CLANG_WARN_UNGUARDED_AVAILABILITY = YES_AGGRESSIVE;
				CLANG_WARN_UNREACHABLE_CODE = YES;
				CLANG_WARN__DUPLICATE_METHOD_MATCH = YES;
				COPY_PHASE_STRIP = NO;
				CURRENT_PROJECT_VERSION = 1;
				DEBUG_INFORMATION_FORMAT = "dwarf-with-dsym";
				ENABLE_NS_ASSERTIONS = NO;
				ENABLE_STRICT_OBJC_MSGSEND = YES;
				GCC_C_LANGUAGE_STANDARD = gnu11;
				GCC_NO_COMMON_BLOCKS = YES;
				GCC_WARN_64_TO_32_BIT_CONVERSION = YES;
				GCC_WARN_ABOUT_RETURN_TYPE = YES_ERROR;
				GCC_WARN_UNDECLARED_SELECTOR = YES;
				GCC_WARN_UNINITIALIZED_AUTOS = YES_AGGRESSIVE;
				GCC_WARN_UNUSED_FUNCTION = YES;
				GCC_WARN_UNUSED_VARIABLE = YES;
				IPHONEOS_DEPLOYMENT_TARGET = 15.1;
				MACOSX_DEPLOYMENT_TARGET = 11.3;
				MTL_ENABLE_DEBUG_INFO = NO;
				MTL_FAST_MATH = YES;
				SDKROOT = macosx;
				SWIFT_COMPILATION_MODE = wholemodule;
				SWIFT_OPTIMIZATION_LEVEL = "-O";
				VERSIONING_SYSTEM = "apple-generic";
				VERSION_INFO_PREFIX = "";
			};
			name = Release;
		};
		3AAAA7B728D0300A00E0DF6B /* Debug */ = {
			isa = XCBuildConfiguration;
			buildSettings = {
				CLANG_ENABLE_MODULES = YES;
				CODE_SIGN_STYLE = Automatic;
				COMBINE_HIDPI_IMAGES = YES;
				CURRENT_PROJECT_VERSION = 1;
				DEFINES_MODULE = YES;
				DEVELOPMENT_TEAM = 836WWF38RW;
				DYLIB_COMPATIBILITY_VERSION = 1;
				DYLIB_CURRENT_VERSION = 1;
				DYLIB_INSTALL_NAME_BASE = "@rpath";
				GENERATE_INFOPLIST_FILE = YES;
				INFOPLIST_KEY_NSHumanReadableCopyright = "";
				INSTALL_PATH = "$(LOCAL_LIBRARY_DIR)/Frameworks";
				LD_RUNPATH_SEARCH_PATHS = (
					"$(inherited)",
					"@executable_path/../Frameworks",
					"@loader_path/Frameworks",
				);
				MARKETING_VERSION = 1.0;
				PRODUCT_BUNDLE_IDENTIFIER = "Lev-Litvak.InvestmentsFrameworks";
				PRODUCT_NAME = "$(TARGET_NAME:c99extidentifier)";
				SKIP_INSTALL = YES;
				SUPPORTED_PLATFORMS = "macosx iphoneos iphonesimulator watchsimulator watchos";
				SWIFT_EMIT_LOC_STRINGS = YES;
				SWIFT_OPTIMIZATION_LEVEL = "-Onone";
				SWIFT_VERSION = 5.0;
			};
			name = Debug;
		};
		3AAAA7B828D0300A00E0DF6B /* Release */ = {
			isa = XCBuildConfiguration;
			buildSettings = {
				CLANG_ENABLE_MODULES = YES;
				CODE_SIGN_STYLE = Automatic;
				COMBINE_HIDPI_IMAGES = YES;
				CURRENT_PROJECT_VERSION = 1;
				DEFINES_MODULE = YES;
				DEVELOPMENT_TEAM = 836WWF38RW;
				DYLIB_COMPATIBILITY_VERSION = 1;
				DYLIB_CURRENT_VERSION = 1;
				DYLIB_INSTALL_NAME_BASE = "@rpath";
				GENERATE_INFOPLIST_FILE = YES;
				INFOPLIST_KEY_NSHumanReadableCopyright = "";
				INSTALL_PATH = "$(LOCAL_LIBRARY_DIR)/Frameworks";
				LD_RUNPATH_SEARCH_PATHS = (
					"$(inherited)",
					"@executable_path/../Frameworks",
					"@loader_path/Frameworks",
				);
				MARKETING_VERSION = 1.0;
				PRODUCT_BUNDLE_IDENTIFIER = "Lev-Litvak.InvestmentsFrameworks";
				PRODUCT_NAME = "$(TARGET_NAME:c99extidentifier)";
				SKIP_INSTALL = YES;
				SUPPORTED_PLATFORMS = "macosx iphoneos iphonesimulator watchsimulator watchos";
				SWIFT_EMIT_LOC_STRINGS = YES;
				SWIFT_VERSION = 5.0;
			};
			name = Release;
		};
		3AAAA7C528D051D000E0DF6B /* Debug */ = {
			isa = XCBuildConfiguration;
			buildSettings = {
				ALWAYS_EMBED_SWIFT_STANDARD_LIBRARIES = YES;
				CODE_SIGN_STYLE = Automatic;
				CURRENT_PROJECT_VERSION = 1;
				DEVELOPMENT_TEAM = 836WWF38RW;
				GENERATE_INFOPLIST_FILE = YES;
				MACOSX_DEPLOYMENT_TARGET = 12.3;
				MARKETING_VERSION = 1.0;
				PRODUCT_BUNDLE_IDENTIFIER = "Lev-Litvak.InvestmentsFrameworksTests";
				PRODUCT_NAME = "$(TARGET_NAME)";
				SUPPORTED_PLATFORMS = "macosx iphonesimulator iphoneos watchsimulator watchos";
				SWIFT_EMIT_LOC_STRINGS = NO;
				SWIFT_VERSION = 5.0;
			};
			name = Debug;
		};
		3AAAA7C628D051D000E0DF6B /* Release */ = {
			isa = XCBuildConfiguration;
			buildSettings = {
				ALWAYS_EMBED_SWIFT_STANDARD_LIBRARIES = YES;
				CODE_SIGN_STYLE = Automatic;
				CURRENT_PROJECT_VERSION = 1;
				DEVELOPMENT_TEAM = 836WWF38RW;
				GENERATE_INFOPLIST_FILE = YES;
				MACOSX_DEPLOYMENT_TARGET = 12.3;
				MARKETING_VERSION = 1.0;
				PRODUCT_BUNDLE_IDENTIFIER = "Lev-Litvak.InvestmentsFrameworksTests";
				PRODUCT_NAME = "$(TARGET_NAME)";
				SUPPORTED_PLATFORMS = "macosx iphonesimulator iphoneos watchsimulator watchos";
				SWIFT_EMIT_LOC_STRINGS = NO;
				SWIFT_VERSION = 5.0;
			};
			name = Release;
		};
		3AF7167C28F5B520008C4007 /* Debug */ = {
			isa = XCBuildConfiguration;
			buildSettings = {
				APPLICATION_EXTENSION_API_ONLY = YES;
				CODE_SIGN_STYLE = Automatic;
				CURRENT_PROJECT_VERSION = 1;
				DEFINES_MODULE = YES;
				DEVELOPMENT_TEAM = 836WWF38RW;
				DYLIB_COMPATIBILITY_VERSION = 1;
				DYLIB_CURRENT_VERSION = 1;
				DYLIB_INSTALL_NAME_BASE = "@rpath";
				GENERATE_INFOPLIST_FILE = YES;
				INFOPLIST_KEY_NSHumanReadableCopyright = "";
				INSTALL_PATH = "$(LOCAL_LIBRARY_DIR)/Frameworks";
				LD_RUNPATH_SEARCH_PATHS = (
					"$(inherited)",
					"@executable_path/Frameworks",
					"@loader_path/Frameworks",
				);
				MARKETING_VERSION = 1.0;
				PRODUCT_BUNDLE_IDENTIFIER = "Lev-Litvak.InvestmentsFrameworksWatchOS";
				PRODUCT_NAME = "$(TARGET_NAME:c99extidentifier)";
				SDKROOT = watchos;
				SKIP_INSTALL = YES;
				SWIFT_EMIT_LOC_STRINGS = YES;
				SWIFT_VERSION = 5.0;
				TARGETED_DEVICE_FAMILY = 4;
				WATCHOS_DEPLOYMENT_TARGET = 8.5;
			};
			name = Debug;
		};
		3AF7167D28F5B520008C4007 /* Release */ = {
			isa = XCBuildConfiguration;
			buildSettings = {
				APPLICATION_EXTENSION_API_ONLY = YES;
				CODE_SIGN_STYLE = Automatic;
				CURRENT_PROJECT_VERSION = 1;
				DEFINES_MODULE = YES;
				DEVELOPMENT_TEAM = 836WWF38RW;
				DYLIB_COMPATIBILITY_VERSION = 1;
				DYLIB_CURRENT_VERSION = 1;
				DYLIB_INSTALL_NAME_BASE = "@rpath";
				GENERATE_INFOPLIST_FILE = YES;
				INFOPLIST_KEY_NSHumanReadableCopyright = "";
				INSTALL_PATH = "$(LOCAL_LIBRARY_DIR)/Frameworks";
				LD_RUNPATH_SEARCH_PATHS = (
					"$(inherited)",
					"@executable_path/Frameworks",
					"@loader_path/Frameworks",
				);
				MARKETING_VERSION = 1.0;
				PRODUCT_BUNDLE_IDENTIFIER = "Lev-Litvak.InvestmentsFrameworksWatchOS";
				PRODUCT_NAME = "$(TARGET_NAME:c99extidentifier)";
				SDKROOT = watchos;
				SKIP_INSTALL = YES;
				SWIFT_EMIT_LOC_STRINGS = YES;
				SWIFT_VERSION = 5.0;
				TARGETED_DEVICE_FAMILY = 4;
				VALIDATE_PRODUCT = YES;
				WATCHOS_DEPLOYMENT_TARGET = 8.5;
			};
			name = Release;
		};
/* End XCBuildConfiguration section */

/* Begin XCConfigurationList section */
		3A76491F28E437AE00B810B7 /* Build configuration list for PBXNativeTarget "APIEndToEndTests" */ = {
			isa = XCConfigurationList;
			buildConfigurations = (
				3A76492028E437AE00B810B7 /* Debug */,
				3A76492128E437AE00B810B7 /* Release */,
			);
			defaultConfigurationIsVisible = 0;
			defaultConfigurationName = Release;
		};
		3AAAA7A928D0300A00E0DF6B /* Build configuration list for PBXProject "InvestmentsFrameworks" */ = {
			isa = XCConfigurationList;
			buildConfigurations = (
				3AAAA7B428D0300A00E0DF6B /* Debug */,
				3AAAA7B528D0300A00E0DF6B /* Release */,
			);
			defaultConfigurationIsVisible = 0;
			defaultConfigurationName = Release;
		};
		3AAAA7B628D0300A00E0DF6B /* Build configuration list for PBXNativeTarget "InvestmentsFrameworks" */ = {
			isa = XCConfigurationList;
			buildConfigurations = (
				3AAAA7B728D0300A00E0DF6B /* Debug */,
				3AAAA7B828D0300A00E0DF6B /* Release */,
			);
			defaultConfigurationIsVisible = 0;
			defaultConfigurationName = Release;
		};
		3AAAA7C428D051D000E0DF6B /* Build configuration list for PBXNativeTarget "InvestmentsFrameworksTests" */ = {
			isa = XCConfigurationList;
			buildConfigurations = (
				3AAAA7C528D051D000E0DF6B /* Debug */,
				3AAAA7C628D051D000E0DF6B /* Release */,
			);
			defaultConfigurationIsVisible = 0;
			defaultConfigurationName = Release;
		};
		3AF7167B28F5B520008C4007 /* Build configuration list for PBXNativeTarget "InvestmentsFrameworksWatchOS" */ = {
			isa = XCConfigurationList;
			buildConfigurations = (
				3AF7167C28F5B520008C4007 /* Debug */,
				3AF7167D28F5B520008C4007 /* Release */,
			);
			defaultConfigurationIsVisible = 0;
			defaultConfigurationName = Release;
		};
/* End XCConfigurationList section */

/* Begin XCVersionGroup section */
		3AAAA7CB28D0B05F00E0DF6B /* TransactionsStore.xcdatamodeld */ = {
			isa = XCVersionGroup;
			children = (
				3AAAA7CC28D0B05F00E0DF6B /* TransactionsStore.xcdatamodel */,
			);
			currentVersion = 3AAAA7CC28D0B05F00E0DF6B /* TransactionsStore.xcdatamodel */;
			path = TransactionsStore.xcdatamodeld;
			sourceTree = "<group>";
			versionGroupType = wrapper.xcdatamodel;
		};
/* End XCVersionGroup section */
	};
	rootObject = 3AAAA7A628D0300A00E0DF6B /* Project object */;
}
